// !$*UTF8*$!
{
	archiveVersion = 1;
	classes = {
	};
	objectVersion = 56;
	objects = {

/* Begin PBXBuildFile section */
		6B07DD032BA6BC8F00EEB271 /* MKPointOfInterestCategory+Extenstion.swift in Sources */ = {isa = PBXBuildFile; fileRef = 6B07DD022BA6BC8F00EEB271 /* MKPointOfInterestCategory+Extenstion.swift */; };
		6B36F1C12B988F3C005A396E /* SubCardsViewController.swift in Sources */ = {isa = PBXBuildFile; fileRef = 6B36F1C02B988F3C005A396E /* SubCardsViewController.swift */; };
		6B861AB52B98973600D1D7F7 /* SubCardsViewModel.swift in Sources */ = {isa = PBXBuildFile; fileRef = 6B861AB42B98973600D1D7F7 /* SubCardsViewModel.swift */; };
		6B861AB72B996D9F00D1D7F7 /* SubCardsCollectionView.swift in Sources */ = {isa = PBXBuildFile; fileRef = 6B861AB62B996D9F00D1D7F7 /* SubCardsCollectionView.swift */; };
		6B861AB92B99845A00D1D7F7 /* CircularLayout.swift in Sources */ = {isa = PBXBuildFile; fileRef = 6B861AB82B99845A00D1D7F7 /* CircularLayout.swift */; };
		6B861ABB2B99B29E00D1D7F7 /* CircularAttributes.swift in Sources */ = {isa = PBXBuildFile; fileRef = 6B861ABA2B99B29E00D1D7F7 /* CircularAttributes.swift */; };
		6B861ABD2B99B48B00D1D7F7 /* SubCardCell.swift in Sources */ = {isa = PBXBuildFile; fileRef = 6B861ABC2B99B48B00D1D7F7 /* SubCardCell.swift */; };
		6B87F0F32B8F256E0036A53B /* SubCard.swift in Sources */ = {isa = PBXBuildFile; fileRef = 6B87F0F22B8F256E0036A53B /* SubCard.swift */; };
		6B87F0F52B8F3C880036A53B /* MainCollectionView.swift in Sources */ = {isa = PBXBuildFile; fileRef = 6B87F0F42B8F3C880036A53B /* MainCollectionView.swift */; };
		6B87F0F72B8F458F0036A53B /* MainCardCell.swift in Sources */ = {isa = PBXBuildFile; fileRef = 6B87F0F62B8F458F0036A53B /* MainCardCell.swift */; };
		6B87F0FA2B90A8360036A53B /* EditOfMainCardViewController.swift in Sources */ = {isa = PBXBuildFile; fileRef = 6B87F0F92B90A8360036A53B /* EditOfMainCardViewController.swift */; };
		6B9BD8F62BA1844B0050F02A /* MainCardDelegate.swift in Sources */ = {isa = PBXBuildFile; fileRef = 6B9BD8F52BA1844B0050F02A /* MainCardDelegate.swift */; };
		6B9BD8F92BA184810050F02A /* CellDelegate.swift in Sources */ = {isa = PBXBuildFile; fileRef = 6B9BD8F82BA184810050F02A /* CellDelegate.swift */; };
		6B9BD8FB2BA184960050F02A /* MainCollectionViewDelegate.swift in Sources */ = {isa = PBXBuildFile; fileRef = 6B9BD8FA2BA184960050F02A /* MainCollectionViewDelegate.swift */; };
		6B9BD8FE2BA185010050F02A /* MainViewModelProtocol.swift in Sources */ = {isa = PBXBuildFile; fileRef = 6B9BD8FD2BA185010050F02A /* MainViewModelProtocol.swift */; };
		6B9BD9002BA1C4560050F02A /* LocationViewController.swift in Sources */ = {isa = PBXBuildFile; fileRef = 6B9BD8FF2BA1C4560050F02A /* LocationViewController.swift */; };
		6BB80BF22B9ECDD000DE2926 /* SubCardEditViewController.swift in Sources */ = {isa = PBXBuildFile; fileRef = 6BB80BF12B9ECDD000DE2926 /* SubCardEditViewController.swift */; };
		6BB8D16C2BA4022900F96229 /* SearchLocationViewController.swift in Sources */ = {isa = PBXBuildFile; fileRef = 6BB8D16B2BA4022900F96229 /* SearchLocationViewController.swift */; };
		6BB8D16F2BA43EFF00F96229 /* LocationListCell.swift in Sources */ = {isa = PBXBuildFile; fileRef = 6BB8D16E2BA43EFF00F96229 /* LocationListCell.swift */; };
		6BBB9F8C2BA2B92F0013A82B /* SelectedImageView.swift in Sources */ = {isa = PBXBuildFile; fileRef = 6BBB9F8B2BA2B92F0013A82B /* SelectedImageView.swift */; };
		6BBB9F8F2BA2D0E20013A82B /* SelectedImageDelegate.swift in Sources */ = {isa = PBXBuildFile; fileRef = 6BBB9F8E2BA2D0E20013A82B /* SelectedImageDelegate.swift */; };
		6BCC920C2B8F034600931D0C /* MainCard.swift in Sources */ = {isa = PBXBuildFile; fileRef = 6BCC920B2B8F034600931D0C /* MainCard.swift */; };
		6BCC92102B8F05AA00931D0C /* MainCardsViewModel.swift in Sources */ = {isa = PBXBuildFile; fileRef = 6BCC920F2B8F05AA00931D0C /* MainCardsViewModel.swift */; };
		6BCC92152B8F0D7700931D0C /* Observable.swift in Sources */ = {isa = PBXBuildFile; fileRef = 6BCC92142B8F0D7700931D0C /* Observable.swift */; };
		6BE523BA2BA02AA200A551DB /* StarRateView.swift in Sources */ = {isa = PBXBuildFile; fileRef = 6BE523B92BA02AA200A551DB /* StarRateView.swift */; };
		6BE523BC2BA02DC900A551DB /* PriceView.swift in Sources */ = {isa = PBXBuildFile; fileRef = 6BE523BB2BA02DC900A551DB /* PriceView.swift */; };
		6BE523BE2BA0343200A551DB /* LocationView.swift in Sources */ = {isa = PBXBuildFile; fileRef = 6BE523BD2BA0343200A551DB /* LocationView.swift */; };
		6BE523C02BA0356300A551DB /* TitleView.swift in Sources */ = {isa = PBXBuildFile; fileRef = 6BE523BF2BA0356300A551DB /* TitleView.swift */; };
		6BEAA2402B8E17AE0017318C /* AppDelegate.swift in Sources */ = {isa = PBXBuildFile; fileRef = 6BEAA23F2B8E17AE0017318C /* AppDelegate.swift */; };
		6BEAA2422B8E17AE0017318C /* SceneDelegate.swift in Sources */ = {isa = PBXBuildFile; fileRef = 6BEAA2412B8E17AE0017318C /* SceneDelegate.swift */; };
		6BEAA2442B8E17AE0017318C /* MainViewController.swift in Sources */ = {isa = PBXBuildFile; fileRef = 6BEAA2432B8E17AE0017318C /* MainViewController.swift */; };
		6BEAA2492B8E17AF0017318C /* Assets.xcassets in Resources */ = {isa = PBXBuildFile; fileRef = 6BEAA2482B8E17AF0017318C /* Assets.xcassets */; };
/* End PBXBuildFile section */

/* Begin PBXFileReference section */
		6B07DD022BA6BC8F00EEB271 /* MKPointOfInterestCategory+Extenstion.swift */ = {isa = PBXFileReference; lastKnownFileType = sourcecode.swift; path = "MKPointOfInterestCategory+Extenstion.swift"; sourceTree = "<group>"; };
		6B36F1C02B988F3C005A396E /* SubCardsViewController.swift */ = {isa = PBXFileReference; lastKnownFileType = sourcecode.swift; path = SubCardsViewController.swift; sourceTree = "<group>"; };
		6B861AB42B98973600D1D7F7 /* SubCardsViewModel.swift */ = {isa = PBXFileReference; lastKnownFileType = sourcecode.swift; path = SubCardsViewModel.swift; sourceTree = "<group>"; };
		6B861AB62B996D9F00D1D7F7 /* SubCardsCollectionView.swift */ = {isa = PBXFileReference; lastKnownFileType = sourcecode.swift; path = SubCardsCollectionView.swift; sourceTree = "<group>"; };
		6B861AB82B99845A00D1D7F7 /* CircularLayout.swift */ = {isa = PBXFileReference; lastKnownFileType = sourcecode.swift; path = CircularLayout.swift; sourceTree = "<group>"; };
		6B861ABA2B99B29E00D1D7F7 /* CircularAttributes.swift */ = {isa = PBXFileReference; lastKnownFileType = sourcecode.swift; path = CircularAttributes.swift; sourceTree = "<group>"; };
		6B861ABC2B99B48B00D1D7F7 /* SubCardCell.swift */ = {isa = PBXFileReference; lastKnownFileType = sourcecode.swift; path = SubCardCell.swift; sourceTree = "<group>"; };
		6B87F0F22B8F256E0036A53B /* SubCard.swift */ = {isa = PBXFileReference; lastKnownFileType = sourcecode.swift; path = SubCard.swift; sourceTree = "<group>"; };
		6B87F0F42B8F3C880036A53B /* MainCollectionView.swift */ = {isa = PBXFileReference; lastKnownFileType = sourcecode.swift; path = MainCollectionView.swift; sourceTree = "<group>"; };
		6B87F0F62B8F458F0036A53B /* MainCardCell.swift */ = {isa = PBXFileReference; lastKnownFileType = sourcecode.swift; path = MainCardCell.swift; sourceTree = "<group>"; };
		6B87F0F92B90A8360036A53B /* EditOfMainCardViewController.swift */ = {isa = PBXFileReference; lastKnownFileType = sourcecode.swift; path = EditOfMainCardViewController.swift; sourceTree = "<group>"; };
		6B9BD8F52BA1844B0050F02A /* MainCardDelegate.swift */ = {isa = PBXFileReference; lastKnownFileType = sourcecode.swift; path = MainCardDelegate.swift; sourceTree = "<group>"; };
		6B9BD8F82BA184810050F02A /* CellDelegate.swift */ = {isa = PBXFileReference; lastKnownFileType = sourcecode.swift; path = CellDelegate.swift; sourceTree = "<group>"; };
		6B9BD8FA2BA184960050F02A /* MainCollectionViewDelegate.swift */ = {isa = PBXFileReference; lastKnownFileType = sourcecode.swift; path = MainCollectionViewDelegate.swift; sourceTree = "<group>"; };
		6B9BD8FD2BA185010050F02A /* MainViewModelProtocol.swift */ = {isa = PBXFileReference; lastKnownFileType = sourcecode.swift; path = MainViewModelProtocol.swift; sourceTree = "<group>"; };
		6B9BD8FF2BA1C4560050F02A /* LocationViewController.swift */ = {isa = PBXFileReference; lastKnownFileType = sourcecode.swift; path = LocationViewController.swift; sourceTree = "<group>"; };
		6BB80BF12B9ECDD000DE2926 /* SubCardEditViewController.swift */ = {isa = PBXFileReference; lastKnownFileType = sourcecode.swift; path = SubCardEditViewController.swift; sourceTree = "<group>"; };
		6BB8D16B2BA4022900F96229 /* SearchLocationViewController.swift */ = {isa = PBXFileReference; lastKnownFileType = sourcecode.swift; path = SearchLocationViewController.swift; sourceTree = "<group>"; };
		6BB8D16E2BA43EFF00F96229 /* LocationListCell.swift */ = {isa = PBXFileReference; lastKnownFileType = sourcecode.swift; path = LocationListCell.swift; sourceTree = "<group>"; };
		6BBB9F8B2BA2B92F0013A82B /* SelectedImageView.swift */ = {isa = PBXFileReference; lastKnownFileType = sourcecode.swift; path = SelectedImageView.swift; sourceTree = "<group>"; };
		6BBB9F8E2BA2D0E20013A82B /* SelectedImageDelegate.swift */ = {isa = PBXFileReference; lastKnownFileType = sourcecode.swift; path = SelectedImageDelegate.swift; sourceTree = "<group>"; };
		6BCC920B2B8F034600931D0C /* MainCard.swift */ = {isa = PBXFileReference; lastKnownFileType = sourcecode.swift; path = MainCard.swift; sourceTree = "<group>"; };
		6BCC920F2B8F05AA00931D0C /* MainCardsViewModel.swift */ = {isa = PBXFileReference; lastKnownFileType = sourcecode.swift; path = MainCardsViewModel.swift; sourceTree = "<group>"; };
		6BCC92142B8F0D7700931D0C /* Observable.swift */ = {isa = PBXFileReference; lastKnownFileType = sourcecode.swift; path = Observable.swift; sourceTree = "<group>"; };
		6BE523B92BA02AA200A551DB /* StarRateView.swift */ = {isa = PBXFileReference; lastKnownFileType = sourcecode.swift; path = StarRateView.swift; sourceTree = "<group>"; };
		6BE523BB2BA02DC900A551DB /* PriceView.swift */ = {isa = PBXFileReference; lastKnownFileType = sourcecode.swift; path = PriceView.swift; sourceTree = "<group>"; };
		6BE523BD2BA0343200A551DB /* LocationView.swift */ = {isa = PBXFileReference; lastKnownFileType = sourcecode.swift; path = LocationView.swift; sourceTree = "<group>"; };
		6BE523BF2BA0356300A551DB /* TitleView.swift */ = {isa = PBXFileReference; lastKnownFileType = sourcecode.swift; path = TitleView.swift; sourceTree = "<group>"; };
		6BEAA23C2B8E17AE0017318C /* TripLog.app */ = {isa = PBXFileReference; explicitFileType = wrapper.application; includeInIndex = 0; path = TripLog.app; sourceTree = BUILT_PRODUCTS_DIR; };
		6BEAA23F2B8E17AE0017318C /* AppDelegate.swift */ = {isa = PBXFileReference; lastKnownFileType = sourcecode.swift; path = AppDelegate.swift; sourceTree = "<group>"; };
		6BEAA2412B8E17AE0017318C /* SceneDelegate.swift */ = {isa = PBXFileReference; lastKnownFileType = sourcecode.swift; path = SceneDelegate.swift; sourceTree = "<group>"; };
		6BEAA2432B8E17AE0017318C /* MainViewController.swift */ = {isa = PBXFileReference; lastKnownFileType = sourcecode.swift; path = MainViewController.swift; sourceTree = "<group>"; };
		6BEAA2482B8E17AF0017318C /* Assets.xcassets */ = {isa = PBXFileReference; lastKnownFileType = folder.assetcatalog; path = Assets.xcassets; sourceTree = "<group>"; };
		6BEAA24D2B8E17AF0017318C /* Info.plist */ = {isa = PBXFileReference; lastKnownFileType = text.plist.xml; path = Info.plist; sourceTree = "<group>"; };
/* End PBXFileReference section */

/* Begin PBXFrameworksBuildPhase section */
		6BEAA2392B8E17AE0017318C /* Frameworks */ = {
			isa = PBXFrameworksBuildPhase;
			buildActionMask = 2147483647;
			files = (
			);
			runOnlyForDeploymentPostprocessing = 0;
		};
/* End PBXFrameworksBuildPhase section */

/* Begin PBXGroup section */
		6B07DD012BA6BC5200EEB271 /* Extenstion */ = {
			isa = PBXGroup;
			children = (
				6B07DD022BA6BC8F00EEB271 /* MKPointOfInterestCategory+Extenstion.swift */,
			);
			path = Extenstion;
			sourceTree = "<group>";
		};
		6B36F1BF2B988EFD005A396E /* SubCardsView */ = {
			isa = PBXGroup;
			children = (
				6B36F1C02B988F3C005A396E /* SubCardsViewController.swift */,
				6B861AB62B996D9F00D1D7F7 /* SubCardsCollectionView.swift */,
				6BB80BF12B9ECDD000DE2926 /* SubCardEditViewController.swift */,
				6B861ABC2B99B48B00D1D7F7 /* SubCardCell.swift */,
				6BB8D16D2BA4360B00F96229 /* Location */,
				6B9BD8F42BA1842D0050F02A /* Delegate */,
			);
			path = SubCardsView;
			sourceTree = "<group>";
		};
		6B861ABE2B9B1BE500D1D7F7 /* Layout */ = {
			isa = PBXGroup;
			children = (
				6B861AB82B99845A00D1D7F7 /* CircularLayout.swift */,
				6B861ABA2B99B29E00D1D7F7 /* CircularAttributes.swift */,
			);
			path = Layout;
			sourceTree = "<group>";
		};
		6B87F0F82B9075440036A53B /* ViewModel */ = {
			isa = PBXGroup;
			children = (
				6BCC920F2B8F05AA00931D0C /* MainCardsViewModel.swift */,
				6B861AB42B98973600D1D7F7 /* SubCardsViewModel.swift */,
				6B9BD8FC2BA184EC0050F02A /* Protocol */,
			);
			path = ViewModel;
			sourceTree = "<group>";
		};
		6B9BD8F42BA1842D0050F02A /* Delegate */ = {
			isa = PBXGroup;
			children = (
				6B9BD8F52BA1844B0050F02A /* MainCardDelegate.swift */,
			);
			path = Delegate;
			sourceTree = "<group>";
		};
		6B9BD8F72BA184700050F02A /* Delegate */ = {
			isa = PBXGroup;
			children = (
				6B9BD8F82BA184810050F02A /* CellDelegate.swift */,
				6B9BD8FA2BA184960050F02A /* MainCollectionViewDelegate.swift */,
			);
			path = Delegate;
			sourceTree = "<group>";
		};
		6B9BD8FC2BA184EC0050F02A /* Protocol */ = {
			isa = PBXGroup;
			children = (
				6B9BD8FD2BA185010050F02A /* MainViewModelProtocol.swift */,
			);
			path = Protocol;
			sourceTree = "<group>";
		};
		6BB59A392B959D4800E15C8E /* LIfeCycle */ = {
			isa = PBXGroup;
			children = (
				6BEAA23F2B8E17AE0017318C /* AppDelegate.swift */,
				6BEAA2412B8E17AE0017318C /* SceneDelegate.swift */,
			);
			path = LIfeCycle;
			sourceTree = "<group>";
		};
		6BB8D16D2BA4360B00F96229 /* Location */ = {
			isa = PBXGroup;
			children = (
				6B9BD8FF2BA1C4560050F02A /* LocationViewController.swift */,
				6BB8D16B2BA4022900F96229 /* SearchLocationViewController.swift */,
				6BB8D16E2BA43EFF00F96229 /* LocationListCell.swift */,
			);
			path = Location;
			sourceTree = "<group>";
		};
		6BBB9F8D2BA2D0C60013A82B /* Delegate */ = {
			isa = PBXGroup;
			children = (
				6BBB9F8E2BA2D0E20013A82B /* SelectedImageDelegate.swift */,
			);
			path = Delegate;
			sourceTree = "<group>";
		};
		6BCC92092B8F026200931D0C /* Model */ = {
			isa = PBXGroup;
			children = (
				6BCC920B2B8F034600931D0C /* MainCard.swift */,
				6B87F0F22B8F256E0036A53B /* SubCard.swift */,
			);
			path = Model;
			sourceTree = "<group>";
		};
		6BCC920A2B8F029A00931D0C /* MainView */ = {
			isa = PBXGroup;
			children = (
				6BEAA2432B8E17AE0017318C /* MainViewController.swift */,
				6B87F0F42B8F3C880036A53B /* MainCollectionView.swift */,
				6B87F0F62B8F458F0036A53B /* MainCardCell.swift */,
				6B87F0F92B90A8360036A53B /* EditOfMainCardViewController.swift */,
				6B9BD8F72BA184700050F02A /* Delegate */,
			);
			path = MainView;
			sourceTree = "<group>";
		};
		6BCC92132B8F0D5100931D0C /* Utils */ = {
			isa = PBXGroup;
			children = (
				6BCC92142B8F0D7700931D0C /* Observable.swift */,
			);
			path = Utils;
			sourceTree = "<group>";
		};
		6BE523B82BA02A8600A551DB /* ViewComponent */ = {
			isa = PBXGroup;
			children = (
				6BE523B92BA02AA200A551DB /* StarRateView.swift */,
				6BE523BB2BA02DC900A551DB /* PriceView.swift */,
				6BE523BF2BA0356300A551DB /* TitleView.swift */,
				6BBB9F8B2BA2B92F0013A82B /* SelectedImageView.swift */,
				6BE523BD2BA0343200A551DB /* LocationView.swift */,
				6BBB9F8D2BA2D0C60013A82B /* Delegate */,
			);
			path = ViewComponent;
			sourceTree = "<group>";
		};
		6BEAA2332B8E17AE0017318C = {
			isa = PBXGroup;
			children = (
				6BEAA23E2B8E17AE0017318C /* TripLog */,
				6BEAA23D2B8E17AE0017318C /* Products */,
			);
			sourceTree = "<group>";
		};
		6BEAA23D2B8E17AE0017318C /* Products */ = {
			isa = PBXGroup;
			children = (
				6BEAA23C2B8E17AE0017318C /* TripLog.app */,
			);
			name = Products;
			sourceTree = "<group>";
		};
		6BEAA23E2B8E17AE0017318C /* TripLog */ = {
			isa = PBXGroup;
			children = (
				6BB59A392B959D4800E15C8E /* LIfeCycle */,
				6BCC920A2B8F029A00931D0C /* MainView */,
				6B36F1BF2B988EFD005A396E /* SubCardsView */,
				6BE523B82BA02A8600A551DB /* ViewComponent */,
				6B861ABE2B9B1BE500D1D7F7 /* Layout */,
				6B87F0F82B9075440036A53B /* ViewModel */,
				6BCC92092B8F026200931D0C /* Model */,
				6BCC92132B8F0D5100931D0C /* Utils */,
				6B07DD012BA6BC5200EEB271 /* Extenstion */,
				6BEAA2482B8E17AF0017318C /* Assets.xcassets */,
				6BEAA24D2B8E17AF0017318C /* Info.plist */,
			);
			path = TripLog;
			sourceTree = "<group>";
		};
/* End PBXGroup section */

/* Begin PBXNativeTarget section */
		6BEAA23B2B8E17AE0017318C /* TripLog */ = {
			isa = PBXNativeTarget;
			buildConfigurationList = 6BEAA2502B8E17AF0017318C /* Build configuration list for PBXNativeTarget "TripLog" */;
			buildPhases = (
				6BEAA2382B8E17AE0017318C /* Sources */,
				6BEAA2392B8E17AE0017318C /* Frameworks */,
				6BEAA23A2B8E17AE0017318C /* Resources */,
			);
			buildRules = (
			);
			dependencies = (
			);
			name = TripLog;
			productName = TripLog;
			productReference = 6BEAA23C2B8E17AE0017318C /* TripLog.app */;
			productType = "com.apple.product-type.application";
		};
/* End PBXNativeTarget section */

/* Begin PBXProject section */
		6BEAA2342B8E17AE0017318C /* Project object */ = {
			isa = PBXProject;
			attributes = {
				BuildIndependentTargetsInParallel = 1;
				LastSwiftUpdateCheck = 1520;
				LastUpgradeCheck = 1520;
				TargetAttributes = {
					6BEAA23B2B8E17AE0017318C = {
						CreatedOnToolsVersion = 15.2;
					};
				};
			};
			buildConfigurationList = 6BEAA2372B8E17AE0017318C /* Build configuration list for PBXProject "TripLog" */;
			compatibilityVersion = "Xcode 14.0";
			developmentRegion = en;
			hasScannedForEncodings = 0;
			knownRegions = (
				en,
				Base,
			);
			mainGroup = 6BEAA2332B8E17AE0017318C;
			productRefGroup = 6BEAA23D2B8E17AE0017318C /* Products */;
			projectDirPath = "";
			projectRoot = "";
			targets = (
				6BEAA23B2B8E17AE0017318C /* TripLog */,
			);
		};
/* End PBXProject section */

/* Begin PBXResourcesBuildPhase section */
		6BEAA23A2B8E17AE0017318C /* Resources */ = {
			isa = PBXResourcesBuildPhase;
			buildActionMask = 2147483647;
			files = (
				6BEAA2492B8E17AF0017318C /* Assets.xcassets in Resources */,
			);
			runOnlyForDeploymentPostprocessing = 0;
		};
/* End PBXResourcesBuildPhase section */

/* Begin PBXSourcesBuildPhase section */
		6BEAA2382B8E17AE0017318C /* Sources */ = {
			isa = PBXSourcesBuildPhase;
			buildActionMask = 2147483647;
			files = (
				6B861ABD2B99B48B00D1D7F7 /* SubCardCell.swift in Sources */,
				6BCC92152B8F0D7700931D0C /* Observable.swift in Sources */,
				6B36F1C12B988F3C005A396E /* SubCardsViewController.swift in Sources */,
				6BB80BF22B9ECDD000DE2926 /* SubCardEditViewController.swift in Sources */,
				6BCC920C2B8F034600931D0C /* MainCard.swift in Sources */,
				6BEAA2442B8E17AE0017318C /* MainViewController.swift in Sources */,
				6BB8D16F2BA43EFF00F96229 /* LocationListCell.swift in Sources */,
				6BE523BA2BA02AA200A551DB /* StarRateView.swift in Sources */,
				6B9BD8F62BA1844B0050F02A /* MainCardDelegate.swift in Sources */,
				6B9BD8F92BA184810050F02A /* CellDelegate.swift in Sources */,
				6B861AB92B99845A00D1D7F7 /* CircularLayout.swift in Sources */,
				6B861ABB2B99B29E00D1D7F7 /* CircularAttributes.swift in Sources */,
				6B861AB72B996D9F00D1D7F7 /* SubCardsCollectionView.swift in Sources */,
				6B9BD8FB2BA184960050F02A /* MainCollectionViewDelegate.swift in Sources */,
				6B87F0F32B8F256E0036A53B /* SubCard.swift in Sources */,
				6B87F0FA2B90A8360036A53B /* EditOfMainCardViewController.swift in Sources */,
				6BEAA2402B8E17AE0017318C /* AppDelegate.swift in Sources */,
				6BBB9F8C2BA2B92F0013A82B /* SelectedImageView.swift in Sources */,
				6BEAA2422B8E17AE0017318C /* SceneDelegate.swift in Sources */,
				6B07DD032BA6BC8F00EEB271 /* MKPointOfInterestCategory+Extenstion.swift in Sources */,
				6BCC92102B8F05AA00931D0C /* MainCardsViewModel.swift in Sources */,
				6B861AB52B98973600D1D7F7 /* SubCardsViewModel.swift in Sources */,
				6B87F0F72B8F458F0036A53B /* MainCardCell.swift in Sources */,
				6BE523C02BA0356300A551DB /* TitleView.swift in Sources */,
				6B9BD8FE2BA185010050F02A /* MainViewModelProtocol.swift in Sources */,
				6BB8D16C2BA4022900F96229 /* SearchLocationViewController.swift in Sources */,
				6BE523BE2BA0343200A551DB /* LocationView.swift in Sources */,
				6BE523BC2BA02DC900A551DB /* PriceView.swift in Sources */,
				6BBB9F8F2BA2D0E20013A82B /* SelectedImageDelegate.swift in Sources */,
				6B87F0F52B8F3C880036A53B /* MainCollectionView.swift in Sources */,
				6B9BD9002BA1C4560050F02A /* LocationViewController.swift in Sources */,
			);
			runOnlyForDeploymentPostprocessing = 0;
		};
/* End PBXSourcesBuildPhase section */

/* Begin XCBuildConfiguration section */
		6BEAA24E2B8E17AF0017318C /* Debug */ = {
			isa = XCBuildConfiguration;
			buildSettings = {
				ALWAYS_SEARCH_USER_PATHS = NO;
				ASSETCATALOG_COMPILER_GENERATE_SWIFT_ASSET_SYMBOL_EXTENSIONS = YES;
				CLANG_ANALYZER_NONNULL = YES;
				CLANG_ANALYZER_NUMBER_OBJECT_CONVERSION = YES_AGGRESSIVE;
				CLANG_CXX_LANGUAGE_STANDARD = "gnu++20";
				CLANG_ENABLE_MODULES = YES;
				CLANG_ENABLE_OBJC_ARC = YES;
				CLANG_ENABLE_OBJC_WEAK = YES;
				CLANG_WARN_BLOCK_CAPTURE_AUTORELEASING = YES;
				CLANG_WARN_BOOL_CONVERSION = YES;
				CLANG_WARN_COMMA = YES;
				CLANG_WARN_CONSTANT_CONVERSION = YES;
				CLANG_WARN_DEPRECATED_OBJC_IMPLEMENTATIONS = YES;
				CLANG_WARN_DIRECT_OBJC_ISA_USAGE = YES_ERROR;
				CLANG_WARN_DOCUMENTATION_COMMENTS = YES;
				CLANG_WARN_EMPTY_BODY = YES;
				CLANG_WARN_ENUM_CONVERSION = YES;
				CLANG_WARN_INFINITE_RECURSION = YES;
				CLANG_WARN_INT_CONVERSION = YES;
				CLANG_WARN_NON_LITERAL_NULL_CONVERSION = YES;
				CLANG_WARN_OBJC_IMPLICIT_RETAIN_SELF = YES;
				CLANG_WARN_OBJC_LITERAL_CONVERSION = YES;
				CLANG_WARN_OBJC_ROOT_CLASS = YES_ERROR;
				CLANG_WARN_QUOTED_INCLUDE_IN_FRAMEWORK_HEADER = YES;
				CLANG_WARN_RANGE_LOOP_ANALYSIS = YES;
				CLANG_WARN_STRICT_PROTOTYPES = YES;
				CLANG_WARN_SUSPICIOUS_MOVE = YES;
				CLANG_WARN_UNGUARDED_AVAILABILITY = YES_AGGRESSIVE;
				CLANG_WARN_UNREACHABLE_CODE = YES;
				CLANG_WARN__DUPLICATE_METHOD_MATCH = YES;
				COPY_PHASE_STRIP = NO;
				DEBUG_INFORMATION_FORMAT = dwarf;
				ENABLE_STRICT_OBJC_MSGSEND = YES;
				ENABLE_TESTABILITY = YES;
				ENABLE_USER_SCRIPT_SANDBOXING = YES;
				GCC_C_LANGUAGE_STANDARD = gnu17;
				GCC_DYNAMIC_NO_PIC = NO;
				GCC_NO_COMMON_BLOCKS = YES;
				GCC_OPTIMIZATION_LEVEL = 0;
				GCC_PREPROCESSOR_DEFINITIONS = (
					"DEBUG=1",
					"$(inherited)",
				);
				GCC_WARN_64_TO_32_BIT_CONVERSION = YES;
				GCC_WARN_ABOUT_RETURN_TYPE = YES_ERROR;
				GCC_WARN_UNDECLARED_SELECTOR = YES;
				GCC_WARN_UNINITIALIZED_AUTOS = YES_AGGRESSIVE;
				GCC_WARN_UNUSED_FUNCTION = YES;
				GCC_WARN_UNUSED_VARIABLE = YES;
				IPHONEOS_DEPLOYMENT_TARGET = 16.0;
				LOCALIZATION_PREFERS_STRING_CATALOGS = YES;
				MTL_ENABLE_DEBUG_INFO = INCLUDE_SOURCE;
				MTL_FAST_MATH = YES;
				ONLY_ACTIVE_ARCH = YES;
				SDKROOT = iphoneos;
				SWIFT_ACTIVE_COMPILATION_CONDITIONS = "DEBUG $(inherited)";
				SWIFT_OPTIMIZATION_LEVEL = "-Onone";
			};
			name = Debug;
		};
		6BEAA24F2B8E17AF0017318C /* Release */ = {
			isa = XCBuildConfiguration;
			buildSettings = {
				ALWAYS_SEARCH_USER_PATHS = NO;
				ASSETCATALOG_COMPILER_GENERATE_SWIFT_ASSET_SYMBOL_EXTENSIONS = YES;
				CLANG_ANALYZER_NONNULL = YES;
				CLANG_ANALYZER_NUMBER_OBJECT_CONVERSION = YES_AGGRESSIVE;
				CLANG_CXX_LANGUAGE_STANDARD = "gnu++20";
				CLANG_ENABLE_MODULES = YES;
				CLANG_ENABLE_OBJC_ARC = YES;
				CLANG_ENABLE_OBJC_WEAK = YES;
				CLANG_WARN_BLOCK_CAPTURE_AUTORELEASING = YES;
				CLANG_WARN_BOOL_CONVERSION = YES;
				CLANG_WARN_COMMA = YES;
				CLANG_WARN_CONSTANT_CONVERSION = YES;
				CLANG_WARN_DEPRECATED_OBJC_IMPLEMENTATIONS = YES;
				CLANG_WARN_DIRECT_OBJC_ISA_USAGE = YES_ERROR;
				CLANG_WARN_DOCUMENTATION_COMMENTS = YES;
				CLANG_WARN_EMPTY_BODY = YES;
				CLANG_WARN_ENUM_CONVERSION = YES;
				CLANG_WARN_INFINITE_RECURSION = YES;
				CLANG_WARN_INT_CONVERSION = YES;
				CLANG_WARN_NON_LITERAL_NULL_CONVERSION = YES;
				CLANG_WARN_OBJC_IMPLICIT_RETAIN_SELF = YES;
				CLANG_WARN_OBJC_LITERAL_CONVERSION = YES;
				CLANG_WARN_OBJC_ROOT_CLASS = YES_ERROR;
				CLANG_WARN_QUOTED_INCLUDE_IN_FRAMEWORK_HEADER = YES;
				CLANG_WARN_RANGE_LOOP_ANALYSIS = YES;
				CLANG_WARN_STRICT_PROTOTYPES = YES;
				CLANG_WARN_SUSPICIOUS_MOVE = YES;
				CLANG_WARN_UNGUARDED_AVAILABILITY = YES_AGGRESSIVE;
				CLANG_WARN_UNREACHABLE_CODE = YES;
				CLANG_WARN__DUPLICATE_METHOD_MATCH = YES;
				COPY_PHASE_STRIP = NO;
				DEBUG_INFORMATION_FORMAT = "dwarf-with-dsym";
				ENABLE_NS_ASSERTIONS = NO;
				ENABLE_STRICT_OBJC_MSGSEND = YES;
				ENABLE_USER_SCRIPT_SANDBOXING = YES;
				GCC_C_LANGUAGE_STANDARD = gnu17;
				GCC_NO_COMMON_BLOCKS = YES;
				GCC_WARN_64_TO_32_BIT_CONVERSION = YES;
				GCC_WARN_ABOUT_RETURN_TYPE = YES_ERROR;
				GCC_WARN_UNDECLARED_SELECTOR = YES;
				GCC_WARN_UNINITIALIZED_AUTOS = YES_AGGRESSIVE;
				GCC_WARN_UNUSED_FUNCTION = YES;
				GCC_WARN_UNUSED_VARIABLE = YES;
				IPHONEOS_DEPLOYMENT_TARGET = 16.0;
				LOCALIZATION_PREFERS_STRING_CATALOGS = YES;
				MTL_ENABLE_DEBUG_INFO = NO;
				MTL_FAST_MATH = YES;
				SDKROOT = iphoneos;
				SWIFT_COMPILATION_MODE = wholemodule;
				VALIDATE_PRODUCT = YES;
			};
			name = Release;
		};
		6BEAA2512B8E17AF0017318C /* Debug */ = {
			isa = XCBuildConfiguration;
			buildSettings = {
				ASSETCATALOG_COMPILER_APPICON_NAME = AppIcon;
				ASSETCATALOG_COMPILER_GLOBAL_ACCENT_COLOR_NAME = AccentColor;
				CODE_SIGN_STYLE = Automatic;
				CURRENT_PROJECT_VERSION = 1;
				DEVELOPMENT_TEAM = F8Q3Y446GH;
				GENERATE_INFOPLIST_FILE = YES;
				INFOPLIST_FILE = TripLog/Info.plist;
				INFOPLIST_KEY_NSPhotoLibraryUsageDescription = "사진을 추가하기 위해서 앨범의 사진권한을 허용해주세요.";
				INFOPLIST_KEY_UIApplicationSupportsIndirectInputEvents = YES;
				INFOPLIST_KEY_UILaunchStoryboardName = LaunchScreen;
				INFOPLIST_KEY_UISupportedInterfaceOrientations_iPad = "UIInterfaceOrientationPortrait UIInterfaceOrientationPortraitUpsideDown UIInterfaceOrientationLandscapeLeft UIInterfaceOrientationLandscapeRight";
				INFOPLIST_KEY_UISupportedInterfaceOrientations_iPhone = "UIInterfaceOrientationPortrait UIInterfaceOrientationLandscapeLeft UIInterfaceOrientationLandscapeRight";
				INFOPLIST_KEY_UIUserInterfaceStyle = Light;
				IPHONEOS_DEPLOYMENT_TARGET = 16.0;
				LD_RUNPATH_SEARCH_PATHS = (
					"$(inherited)",
					"@executable_path/Frameworks",
				);
				MARKETING_VERSION = 1.0;
				PRODUCT_BUNDLE_IDENTIFIER = beom.TripLog;
				PRODUCT_NAME = "$(TARGET_NAME)";
				SWIFT_EMIT_LOC_STRINGS = YES;
				SWIFT_VERSION = 5.0;
				TARGETED_DEVICE_FAMILY = "1,2";
			};
			name = Debug;
		};
		6BEAA2522B8E17AF0017318C /* Release */ = {
			isa = XCBuildConfiguration;
			buildSettings = {
				ASSETCATALOG_COMPILER_APPICON_NAME = AppIcon;
				ASSETCATALOG_COMPILER_GLOBAL_ACCENT_COLOR_NAME = AccentColor;
				CODE_SIGN_STYLE = Automatic;
				CURRENT_PROJECT_VERSION = 1;
				DEVELOPMENT_TEAM = F8Q3Y446GH;
				GENERATE_INFOPLIST_FILE = YES;
				INFOPLIST_FILE = TripLog/Info.plist;
				INFOPLIST_KEY_NSPhotoLibraryUsageDescription = "사진을 추가하기 위해서 앨범의 사진권한을 허용해주세요.";
				INFOPLIST_KEY_UIApplicationSupportsIndirectInputEvents = YES;
				INFOPLIST_KEY_UILaunchStoryboardName = LaunchScreen;
				INFOPLIST_KEY_UISupportedInterfaceOrientations_iPad = "UIInterfaceOrientationPortrait UIInterfaceOrientationPortraitUpsideDown UIInterfaceOrientationLandscapeLeft UIInterfaceOrientationLandscapeRight";
				INFOPLIST_KEY_UISupportedInterfaceOrientations_iPhone = "UIInterfaceOrientationPortrait UIInterfaceOrientationLandscapeLeft UIInterfaceOrientationLandscapeRight";
				INFOPLIST_KEY_UIUserInterfaceStyle = Light;
				IPHONEOS_DEPLOYMENT_TARGET = 16.0;
				LD_RUNPATH_SEARCH_PATHS = (
					"$(inherited)",
					"@executable_path/Frameworks",
				);
				MARKETING_VERSION = 1.0;
				PRODUCT_BUNDLE_IDENTIFIER = beom.TripLog;
				PRODUCT_NAME = "$(TARGET_NAME)";
				SWIFT_EMIT_LOC_STRINGS = YES;
				SWIFT_VERSION = 5.0;
				TARGETED_DEVICE_FAMILY = "1,2";
			};
			name = Release;
		};
/* End XCBuildConfiguration section */

/* Begin XCConfigurationList section */
		6BEAA2372B8E17AE0017318C /* Build configuration list for PBXProject "TripLog" */ = {
			isa = XCConfigurationList;
			buildConfigurations = (
				6BEAA24E2B8E17AF0017318C /* Debug */,
				6BEAA24F2B8E17AF0017318C /* Release */,
			);
			defaultConfigurationIsVisible = 0;
			defaultConfigurationName = Release;
		};
		6BEAA2502B8E17AF0017318C /* Build configuration list for PBXNativeTarget "TripLog" */ = {
			isa = XCConfigurationList;
			buildConfigurations = (
				6BEAA2512B8E17AF0017318C /* Debug */,
				6BEAA2522B8E17AF0017318C /* Release */,
			);
			defaultConfigurationIsVisible = 0;
			defaultConfigurationName = Release;
		};
/* End XCConfigurationList section */
	};
	rootObject = 6BEAA2342B8E17AE0017318C /* Project object */;
}
