// !$*UTF8*$!
{
	archiveVersion = 1;
	classes = {
	};
	objectVersion = 56;
	objects = {

/* Begin PBXBuildFile section */
		6B07B9242BE37ADB0051D2C8 /* DataBaseError.swift in Sources */ = {isa = PBXBuildFile; fileRef = 6B07B9232BE37ADB0051D2C8 /* DataBaseError.swift */; };
		6B07DD032BA6BC8F00EEB271 /* MKPointOfInterestCategory+Extenstion.swift in Sources */ = {isa = PBXBuildFile; fileRef = 6B07DD022BA6BC8F00EEB271 /* MKPointOfInterestCategory+Extenstion.swift */; };
		6B18D3F32BBA4A7300CBE2C6 /* MainDataManager.swift in Sources */ = {isa = PBXBuildFile; fileRef = 6B18D3F22BBA4A7300CBE2C6 /* MainDataManager.swift */; };
		6B18D4062BBA80A200CBE2C6 /* Location+CoreDataClass.swift in Sources */ = {isa = PBXBuildFile; fileRef = 6B18D4042BBA80A200CBE2C6 /* Location+CoreDataClass.swift */; };
		6B18D4072BBA80A200CBE2C6 /* Location+CoreDataProperties.swift in Sources */ = {isa = PBXBuildFile; fileRef = 6B18D4052BBA80A200CBE2C6 /* Location+CoreDataProperties.swift */; };
		6B18D40B2BBACC1500CBE2C6 /* CategoryView.swift in Sources */ = {isa = PBXBuildFile; fileRef = 6B18D40A2BBACC1500CBE2C6 /* CategoryView.swift */; };
		6B18D40F2BBBD1C200CBE2C6 /* CardCategory.swift in Sources */ = {isa = PBXBuildFile; fileRef = 6B18D40E2BBBD1C200CBE2C6 /* CardCategory.swift */; };
		6B18D4122BBBDF0D00CBE2C6 /* SubCard+CoreDataClass.swift in Sources */ = {isa = PBXBuildFile; fileRef = 6B18D4102BBBDF0D00CBE2C6 /* SubCard+CoreDataClass.swift */; };
		6B18D4132BBBDF0D00CBE2C6 /* SubCard+CoreDataProperties.swift in Sources */ = {isa = PBXBuildFile; fileRef = 6B18D4112BBBDF0D00CBE2C6 /* SubCard+CoreDataProperties.swift */; };
		6B1E787A2BA80ED400008CAF /* LocationDTO.swift in Sources */ = {isa = PBXBuildFile; fileRef = 6B1E78792BA80ED400008CAF /* LocationDTO.swift */; };
		6B1E787C2BA80F4E00008CAF /* SearchLocationViewModel.swift in Sources */ = {isa = PBXBuildFile; fileRef = 6B1E787B2BA80F4E00008CAF /* SearchLocationViewModel.swift */; };
		6B1E787E2BA81BC800008CAF /* SearchListCollectionView.swift in Sources */ = {isa = PBXBuildFile; fileRef = 6B1E787D2BA81BC800008CAF /* SearchListCollectionView.swift */; };
		6B1E78802BA8672B00008CAF /* SelectedLocationInformationView.swift in Sources */ = {isa = PBXBuildFile; fileRef = 6B1E787F2BA8672B00008CAF /* SelectedLocationInformationView.swift */; };
		6B1E78822BA95E7200008CAF /* InformationViewDelegate.swift in Sources */ = {isa = PBXBuildFile; fileRef = 6B1E78812BA95E7200008CAF /* InformationViewDelegate.swift */; };
		6B1E78842BA9796F00008CAF /* MapSearchSevice.swift in Sources */ = {isa = PBXBuildFile; fileRef = 6B1E78832BA9796F00008CAF /* MapSearchSevice.swift */; };
		6B2F94E52BB2975B0027CC35 /* Debouncer.swift in Sources */ = {isa = PBXBuildFile; fileRef = 6B2F94E42BB2975B0027CC35 /* Debouncer.swift */; };
		6B36F1C12B988F3C005A396E /* SubCardsViewController.swift in Sources */ = {isa = PBXBuildFile; fileRef = 6B36F1C02B988F3C005A396E /* SubCardsViewController.swift */; };
		6B3EE4BF2BBD5B3D0003C6B6 /* URLList.swift in Sources */ = {isa = PBXBuildFile; fileRef = 6B3EE4BE2BBD5B3D0003C6B6 /* URLList.swift */; };
		6B3EE4C12BBD5EEA0003C6B6 /* APIKeys.plist in Resources */ = {isa = PBXBuildFile; fileRef = 6B3EE4C02BBD5EEA0003C6B6 /* APIKeys.plist */; };
		6B3EE4C32BBD62EF0003C6B6 /* Bundle+Extension.swift in Sources */ = {isa = PBXBuildFile; fileRef = 6B3EE4C22BBD62EF0003C6B6 /* Bundle+Extension.swift */; };
		6B3EE4C52BBD64EE0003C6B6 /* NetworkManager.swift in Sources */ = {isa = PBXBuildFile; fileRef = 6B3EE4C42BBD64EE0003C6B6 /* NetworkManager.swift */; };
		6B3EE4C72BBD70920003C6B6 /* URLSession+Extenssion.swift in Sources */ = {isa = PBXBuildFile; fileRef = 6B3EE4C62BBD70920003C6B6 /* URLSession+Extenssion.swift */; };
		6B3EE4C92BBD71010003C6B6 /* JSONConverter.swift in Sources */ = {isa = PBXBuildFile; fileRef = 6B3EE4C82BBD71010003C6B6 /* JSONConverter.swift */; };
		6B861AB52B98973600D1D7F7 /* SubCardsViewModel.swift in Sources */ = {isa = PBXBuildFile; fileRef = 6B861AB42B98973600D1D7F7 /* SubCardsViewModel.swift */; };
		6B861AB72B996D9F00D1D7F7 /* SubCardsCollectionView.swift in Sources */ = {isa = PBXBuildFile; fileRef = 6B861AB62B996D9F00D1D7F7 /* SubCardsCollectionView.swift */; };
		6B861AB92B99845A00D1D7F7 /* CircularLayout.swift in Sources */ = {isa = PBXBuildFile; fileRef = 6B861AB82B99845A00D1D7F7 /* CircularLayout.swift */; };
		6B861ABB2B99B29E00D1D7F7 /* CircularAttributes.swift in Sources */ = {isa = PBXBuildFile; fileRef = 6B861ABA2B99B29E00D1D7F7 /* CircularAttributes.swift */; };
		6B861ABD2B99B48B00D1D7F7 /* SubCardCell.swift in Sources */ = {isa = PBXBuildFile; fileRef = 6B861ABC2B99B48B00D1D7F7 /* SubCardCell.swift */; };
		6B87F0F32B8F256E0036A53B /* SubCardModelDTO.swift in Sources */ = {isa = PBXBuildFile; fileRef = 6B87F0F22B8F256E0036A53B /* SubCardModelDTO.swift */; };
		6B87F0F52B8F3C880036A53B /* MainCollectionView.swift in Sources */ = {isa = PBXBuildFile; fileRef = 6B87F0F42B8F3C880036A53B /* MainCollectionView.swift */; };
		6B87F0F72B8F458F0036A53B /* MainCardCell.swift in Sources */ = {isa = PBXBuildFile; fileRef = 6B87F0F62B8F458F0036A53B /* MainCardCell.swift */; };
		6B87F0FA2B90A8360036A53B /* MainCardEditViewController.swift in Sources */ = {isa = PBXBuildFile; fileRef = 6B87F0F92B90A8360036A53B /* MainCardEditViewController.swift */; };
		6B8A45F22BAB216C00D14118 /* MapViewControllerDelegate.swift in Sources */ = {isa = PBXBuildFile; fileRef = 6B8A45F12BAB216C00D14118 /* MapViewControllerDelegate.swift */; };
		6B8A45F42BABE7D900D14118 /* CustomAnnotaionView.swift in Sources */ = {isa = PBXBuildFile; fileRef = 6B8A45F32BABE7D900D14118 /* CustomAnnotaionView.swift */; };
		6B8A45F62BABF8DD00D14118 /* SearchLocationViewDelegate.swift in Sources */ = {isa = PBXBuildFile; fileRef = 6B8A45F52BABF8DD00D14118 /* SearchLocationViewDelegate.swift */; };
		6B9B4B042BC7A675001DD865 /* ContentsOfCell.swift in Sources */ = {isa = PBXBuildFile; fileRef = 6B9B4B032BC7A675001DD865 /* ContentsOfCell.swift */; };
		6B9BD8F62BA1844B0050F02A /* SubCardsViewControllerDelegate.swift in Sources */ = {isa = PBXBuildFile; fileRef = 6B9BD8F52BA1844B0050F02A /* SubCardsViewControllerDelegate.swift */; };
		6B9BD8F92BA184810050F02A /* CellDelegate.swift in Sources */ = {isa = PBXBuildFile; fileRef = 6B9BD8F82BA184810050F02A /* CellDelegate.swift */; };
		6B9BD8FB2BA184960050F02A /* MainCollectionViewDelegate.swift in Sources */ = {isa = PBXBuildFile; fileRef = 6B9BD8FA2BA184960050F02A /* MainCollectionViewDelegate.swift */; };
		6B9BD8FE2BA185010050F02A /* MainViewModelProtocol.swift in Sources */ = {isa = PBXBuildFile; fileRef = 6B9BD8FD2BA185010050F02A /* MainViewModelProtocol.swift */; };
		6B9BD9002BA1C4560050F02A /* MapViewController.swift in Sources */ = {isa = PBXBuildFile; fileRef = 6B9BD8FF2BA1C4560050F02A /* MapViewController.swift */; };
		6BACEFFF2BBD4E1300215307 /* CurrencyList.swift in Sources */ = {isa = PBXBuildFile; fileRef = 6BACEFFE2BBD4E1300215307 /* CurrencyList.swift */; };
		6BACF0012BBD561300215307 /* CurrencyDTO.swift in Sources */ = {isa = PBXBuildFile; fileRef = 6BACF0002BBD561300215307 /* CurrencyDTO.swift */; };
		6BACF0062BBD5A5100215307 /* ErrorCase.swift in Sources */ = {isa = PBXBuildFile; fileRef = 6BACF0052BBD5A5100215307 /* ErrorCase.swift */; };
		6BB8D16F2BA43EFF00F96229 /* LocationListCell.swift in Sources */ = {isa = PBXBuildFile; fileRef = 6BB8D16E2BA43EFF00F96229 /* LocationListCell.swift */; };
		6BBB9F8C2BA2B92F0013A82B /* SelectedImageView.swift in Sources */ = {isa = PBXBuildFile; fileRef = 6BBB9F8B2BA2B92F0013A82B /* SelectedImageView.swift */; };
		6BCC2A832BBFDE0400933028 /* CurrencyConverter.swift in Sources */ = {isa = PBXBuildFile; fileRef = 6BCC2A822BBFDE0400933028 /* CurrencyConverter.swift */; };
		6BCC2A862BBFEFF700933028 /* SubCardEditViewController.swift in Sources */ = {isa = PBXBuildFile; fileRef = 6BCC2A852BBFEFF700933028 /* SubCardEditViewController.swift */; };
		6BCC2A8A2BBFF14100933028 /* TitleCell.swift in Sources */ = {isa = PBXBuildFile; fileRef = 6BCC2A892BBFF14100933028 /* TitleCell.swift */; };
		6BCC2A8C2BC003A700933028 /* ImageCell.swift in Sources */ = {isa = PBXBuildFile; fileRef = 6BCC2A8B2BC003A700933028 /* ImageCell.swift */; };
		6BCC2A8E2BC3B49100933028 /* PriceCell.swift in Sources */ = {isa = PBXBuildFile; fileRef = 6BCC2A8D2BC3B49100933028 /* PriceCell.swift */; };
		6BCC2A922BC3BB0000933028 /* HeaderView.swift in Sources */ = {isa = PBXBuildFile; fileRef = 6BCC2A912BC3BB0000933028 /* HeaderView.swift */; };
		6BCC2A942BC3C00800933028 /* LocationCell.swift in Sources */ = {isa = PBXBuildFile; fileRef = 6BCC2A932BC3C00800933028 /* LocationCell.swift */; };
		6BCC2A962BC3CD8100933028 /* ScriptCell.swift in Sources */ = {isa = PBXBuildFile; fileRef = 6BCC2A952BC3CD8100933028 /* ScriptCell.swift */; };
		6BCC2A982BC3D32B00933028 /* CategoryCell.swift in Sources */ = {isa = PBXBuildFile; fileRef = 6BCC2A972BC3D32B00933028 /* CategoryCell.swift */; };
		6BCC2A9A2BC402BC00933028 /* StarRateCell.swift in Sources */ = {isa = PBXBuildFile; fileRef = 6BCC2A992BC402BC00933028 /* StarRateCell.swift */; };
		6BCC920C2B8F034600931D0C /* MainCardDTO.swift in Sources */ = {isa = PBXBuildFile; fileRef = 6BCC920B2B8F034600931D0C /* MainCardDTO.swift */; };
		6BCC92102B8F05AA00931D0C /* MainCardsViewModel.swift in Sources */ = {isa = PBXBuildFile; fileRef = 6BCC920F2B8F05AA00931D0C /* MainCardsViewModel.swift */; };
		6BCC92152B8F0D7700931D0C /* Observable.swift in Sources */ = {isa = PBXBuildFile; fileRef = 6BCC92142B8F0D7700931D0C /* Observable.swift */; };
		6BDBE3962BE3653200066051 /* ImageFileManager.swift in Sources */ = {isa = PBXBuildFile; fileRef = 6BDBE3952BE3653200066051 /* ImageFileManager.swift */; };
		6BE11A942BB3D3F000E30964 /* SearchLocationView.swift in Sources */ = {isa = PBXBuildFile; fileRef = 6BE11A932BB3D3F000E30964 /* SearchLocationView.swift */; };
		6BE11A962BB3F90800E30964 /* ModalHeight.swift in Sources */ = {isa = PBXBuildFile; fileRef = 6BE11A952BB3F90800E30964 /* ModalHeight.swift */; };
		6BE11A982BB54FC200E30964 /* SubCardListCell.swift in Sources */ = {isa = PBXBuildFile; fileRef = 6BE11A972BB54FC200E30964 /* SubCardListCell.swift */; };
		6BE11A9B2BB6840500E30964 /* MainData.xcdatamodeld in Sources */ = {isa = PBXBuildFile; fileRef = 6BE11A992BB6840500E30964 /* MainData.xcdatamodeld */; };
		6BE11AC52BB697AC00E30964 /* MainCard+CoreDataClass.swift in Sources */ = {isa = PBXBuildFile; fileRef = 6BE11ABF2BB697AC00E30964 /* MainCard+CoreDataClass.swift */; };
		6BE11AC62BB697AC00E30964 /* MainCard+CoreDataProperties.swift in Sources */ = {isa = PBXBuildFile; fileRef = 6BE11AC02BB697AC00E30964 /* MainCard+CoreDataProperties.swift */; };
		6BE11ACA2BB699BD00E30964 /* CoreDataManager.swift in Sources */ = {isa = PBXBuildFile; fileRef = 6BE11AC92BB699BD00E30964 /* CoreDataManager.swift */; };
		6BE523BA2BA02AA200A551DB /* StarRateView.swift in Sources */ = {isa = PBXBuildFile; fileRef = 6BE523B92BA02AA200A551DB /* StarRateView.swift */; };
		6BE523BC2BA02DC900A551DB /* PriceView.swift in Sources */ = {isa = PBXBuildFile; fileRef = 6BE523BB2BA02DC900A551DB /* PriceView.swift */; };
		6BE523BE2BA0343200A551DB /* LocationView.swift in Sources */ = {isa = PBXBuildFile; fileRef = 6BE523BD2BA0343200A551DB /* LocationView.swift */; };
		6BE523C02BA0356300A551DB /* TitleView.swift in Sources */ = {isa = PBXBuildFile; fileRef = 6BE523BF2BA0356300A551DB /* TitleView.swift */; };
		6BEAA2402B8E17AE0017318C /* AppDelegate.swift in Sources */ = {isa = PBXBuildFile; fileRef = 6BEAA23F2B8E17AE0017318C /* AppDelegate.swift */; };
		6BEAA2422B8E17AE0017318C /* SceneDelegate.swift in Sources */ = {isa = PBXBuildFile; fileRef = 6BEAA2412B8E17AE0017318C /* SceneDelegate.swift */; };
		6BEAA2442B8E17AE0017318C /* MainViewController.swift in Sources */ = {isa = PBXBuildFile; fileRef = 6BEAA2432B8E17AE0017318C /* MainViewController.swift */; };
		6BEAA2492B8E17AF0017318C /* Assets.xcassets in Resources */ = {isa = PBXBuildFile; fileRef = 6BEAA2482B8E17AF0017318C /* Assets.xcassets */; };
		6BFAEB602BAAC9810088CBA3 /* CustomDetent.swift in Sources */ = {isa = PBXBuildFile; fileRef = 6BFAEB5F2BAAC9810088CBA3 /* CustomDetent.swift */; };
		6BFAEB632BAACF820088CBA3 /* Section.swift in Sources */ = {isa = PBXBuildFile; fileRef = 6BFAEB622BAACF820088CBA3 /* Section.swift */; };
/* End PBXBuildFile section */

/* Begin PBXFileReference section */
		6B07B9232BE37ADB0051D2C8 /* DataBaseError.swift */ = {isa = PBXFileReference; lastKnownFileType = sourcecode.swift; path = DataBaseError.swift; sourceTree = "<group>"; };
		6B07DD022BA6BC8F00EEB271 /* MKPointOfInterestCategory+Extenstion.swift */ = {isa = PBXFileReference; lastKnownFileType = sourcecode.swift; path = "MKPointOfInterestCategory+Extenstion.swift"; sourceTree = "<group>"; };
		6B18D3F22BBA4A7300CBE2C6 /* MainDataManager.swift */ = {isa = PBXFileReference; lastKnownFileType = sourcecode.swift; path = MainDataManager.swift; sourceTree = "<group>"; };
		6B18D4042BBA80A200CBE2C6 /* Location+CoreDataClass.swift */ = {isa = PBXFileReference; lastKnownFileType = sourcecode.swift; path = "Location+CoreDataClass.swift"; sourceTree = "<group>"; };
		6B18D4052BBA80A200CBE2C6 /* Location+CoreDataProperties.swift */ = {isa = PBXFileReference; lastKnownFileType = sourcecode.swift; path = "Location+CoreDataProperties.swift"; sourceTree = "<group>"; };
		6B18D40A2BBACC1500CBE2C6 /* CategoryView.swift */ = {isa = PBXFileReference; lastKnownFileType = sourcecode.swift; path = CategoryView.swift; sourceTree = "<group>"; };
		6B18D40E2BBBD1C200CBE2C6 /* CardCategory.swift */ = {isa = PBXFileReference; lastKnownFileType = sourcecode.swift; path = CardCategory.swift; sourceTree = "<group>"; };
		6B18D4102BBBDF0D00CBE2C6 /* SubCard+CoreDataClass.swift */ = {isa = PBXFileReference; lastKnownFileType = sourcecode.swift; path = "SubCard+CoreDataClass.swift"; sourceTree = "<group>"; };
		6B18D4112BBBDF0D00CBE2C6 /* SubCard+CoreDataProperties.swift */ = {isa = PBXFileReference; lastKnownFileType = sourcecode.swift; path = "SubCard+CoreDataProperties.swift"; sourceTree = "<group>"; };
		6B1E78792BA80ED400008CAF /* LocationDTO.swift */ = {isa = PBXFileReference; lastKnownFileType = sourcecode.swift; path = LocationDTO.swift; sourceTree = "<group>"; };
		6B1E787B2BA80F4E00008CAF /* SearchLocationViewModel.swift */ = {isa = PBXFileReference; lastKnownFileType = sourcecode.swift; path = SearchLocationViewModel.swift; sourceTree = "<group>"; };
		6B1E787D2BA81BC800008CAF /* SearchListCollectionView.swift */ = {isa = PBXFileReference; lastKnownFileType = sourcecode.swift; path = SearchListCollectionView.swift; sourceTree = "<group>"; };
		6B1E787F2BA8672B00008CAF /* SelectedLocationInformationView.swift */ = {isa = PBXFileReference; lastKnownFileType = sourcecode.swift; path = SelectedLocationInformationView.swift; sourceTree = "<group>"; };
		6B1E78812BA95E7200008CAF /* InformationViewDelegate.swift */ = {isa = PBXFileReference; lastKnownFileType = sourcecode.swift; path = InformationViewDelegate.swift; sourceTree = "<group>"; };
		6B1E78832BA9796F00008CAF /* MapSearchSevice.swift */ = {isa = PBXFileReference; lastKnownFileType = sourcecode.swift; path = MapSearchSevice.swift; sourceTree = "<group>"; };
		6B2F94E42BB2975B0027CC35 /* Debouncer.swift */ = {isa = PBXFileReference; lastKnownFileType = sourcecode.swift; path = Debouncer.swift; sourceTree = "<group>"; };
		6B36F1C02B988F3C005A396E /* SubCardsViewController.swift */ = {isa = PBXFileReference; lastKnownFileType = sourcecode.swift; path = SubCardsViewController.swift; sourceTree = "<group>"; };
		6B3EE4BE2BBD5B3D0003C6B6 /* URLList.swift */ = {isa = PBXFileReference; lastKnownFileType = sourcecode.swift; path = URLList.swift; sourceTree = "<group>"; };
		6B3EE4C02BBD5EEA0003C6B6 /* APIKeys.plist */ = {isa = PBXFileReference; lastKnownFileType = text.plist.xml; path = APIKeys.plist; sourceTree = "<group>"; };
		6B3EE4C22BBD62EF0003C6B6 /* Bundle+Extension.swift */ = {isa = PBXFileReference; lastKnownFileType = sourcecode.swift; path = "Bundle+Extension.swift"; sourceTree = "<group>"; };
		6B3EE4C42BBD64EE0003C6B6 /* NetworkManager.swift */ = {isa = PBXFileReference; lastKnownFileType = sourcecode.swift; path = NetworkManager.swift; sourceTree = "<group>"; };
		6B3EE4C62BBD70920003C6B6 /* URLSession+Extenssion.swift */ = {isa = PBXFileReference; lastKnownFileType = sourcecode.swift; path = "URLSession+Extenssion.swift"; sourceTree = "<group>"; };
		6B3EE4C82BBD71010003C6B6 /* JSONConverter.swift */ = {isa = PBXFileReference; lastKnownFileType = sourcecode.swift; path = JSONConverter.swift; sourceTree = "<group>"; };
		6B861AB42B98973600D1D7F7 /* SubCardsViewModel.swift */ = {isa = PBXFileReference; lastKnownFileType = sourcecode.swift; path = SubCardsViewModel.swift; sourceTree = "<group>"; };
		6B861AB62B996D9F00D1D7F7 /* SubCardsCollectionView.swift */ = {isa = PBXFileReference; lastKnownFileType = sourcecode.swift; path = SubCardsCollectionView.swift; sourceTree = "<group>"; };
		6B861AB82B99845A00D1D7F7 /* CircularLayout.swift */ = {isa = PBXFileReference; lastKnownFileType = sourcecode.swift; path = CircularLayout.swift; sourceTree = "<group>"; };
		6B861ABA2B99B29E00D1D7F7 /* CircularAttributes.swift */ = {isa = PBXFileReference; lastKnownFileType = sourcecode.swift; path = CircularAttributes.swift; sourceTree = "<group>"; };
		6B861ABC2B99B48B00D1D7F7 /* SubCardCell.swift */ = {isa = PBXFileReference; lastKnownFileType = sourcecode.swift; path = SubCardCell.swift; sourceTree = "<group>"; };
		6B87F0F22B8F256E0036A53B /* SubCardModelDTO.swift */ = {isa = PBXFileReference; lastKnownFileType = sourcecode.swift; path = SubCardModelDTO.swift; sourceTree = "<group>"; };
		6B87F0F42B8F3C880036A53B /* MainCollectionView.swift */ = {isa = PBXFileReference; lastKnownFileType = sourcecode.swift; path = MainCollectionView.swift; sourceTree = "<group>"; };
		6B87F0F62B8F458F0036A53B /* MainCardCell.swift */ = {isa = PBXFileReference; lastKnownFileType = sourcecode.swift; path = MainCardCell.swift; sourceTree = "<group>"; };
		6B87F0F92B90A8360036A53B /* MainCardEditViewController.swift */ = {isa = PBXFileReference; lastKnownFileType = sourcecode.swift; path = MainCardEditViewController.swift; sourceTree = "<group>"; };
		6B8A45F12BAB216C00D14118 /* MapViewControllerDelegate.swift */ = {isa = PBXFileReference; lastKnownFileType = sourcecode.swift; path = MapViewControllerDelegate.swift; sourceTree = "<group>"; };
		6B8A45F32BABE7D900D14118 /* CustomAnnotaionView.swift */ = {isa = PBXFileReference; lastKnownFileType = sourcecode.swift; path = CustomAnnotaionView.swift; sourceTree = "<group>"; };
		6B8A45F52BABF8DD00D14118 /* SearchLocationViewDelegate.swift */ = {isa = PBXFileReference; lastKnownFileType = sourcecode.swift; path = SearchLocationViewDelegate.swift; sourceTree = "<group>"; };
		6B9B4B032BC7A675001DD865 /* ContentsOfCell.swift */ = {isa = PBXFileReference; lastKnownFileType = sourcecode.swift; path = ContentsOfCell.swift; sourceTree = "<group>"; };
		6B9BD8F52BA1844B0050F02A /* SubCardsViewControllerDelegate.swift */ = {isa = PBXFileReference; lastKnownFileType = sourcecode.swift; path = SubCardsViewControllerDelegate.swift; sourceTree = "<group>"; };
		6B9BD8F82BA184810050F02A /* CellDelegate.swift */ = {isa = PBXFileReference; lastKnownFileType = sourcecode.swift; path = CellDelegate.swift; sourceTree = "<group>"; };
		6B9BD8FA2BA184960050F02A /* MainCollectionViewDelegate.swift */ = {isa = PBXFileReference; lastKnownFileType = sourcecode.swift; path = MainCollectionViewDelegate.swift; sourceTree = "<group>"; };
		6B9BD8FD2BA185010050F02A /* MainViewModelProtocol.swift */ = {isa = PBXFileReference; lastKnownFileType = sourcecode.swift; path = MainViewModelProtocol.swift; sourceTree = "<group>"; };
		6B9BD8FF2BA1C4560050F02A /* MapViewController.swift */ = {isa = PBXFileReference; lastKnownFileType = sourcecode.swift; path = MapViewController.swift; sourceTree = "<group>"; };
		6BACEFFE2BBD4E1300215307 /* CurrencyList.swift */ = {isa = PBXFileReference; lastKnownFileType = sourcecode.swift; path = CurrencyList.swift; sourceTree = "<group>"; };
		6BACF0002BBD561300215307 /* CurrencyDTO.swift */ = {isa = PBXFileReference; lastKnownFileType = sourcecode.swift; path = CurrencyDTO.swift; sourceTree = "<group>"; };
		6BACF0052BBD5A5100215307 /* ErrorCase.swift */ = {isa = PBXFileReference; lastKnownFileType = sourcecode.swift; path = ErrorCase.swift; sourceTree = "<group>"; };
		6BB8D16E2BA43EFF00F96229 /* LocationListCell.swift */ = {isa = PBXFileReference; lastKnownFileType = sourcecode.swift; path = LocationListCell.swift; sourceTree = "<group>"; };
		6BBB9F8B2BA2B92F0013A82B /* SelectedImageView.swift */ = {isa = PBXFileReference; lastKnownFileType = sourcecode.swift; path = SelectedImageView.swift; sourceTree = "<group>"; };
		6BCC2A822BBFDE0400933028 /* CurrencyConverter.swift */ = {isa = PBXFileReference; lastKnownFileType = sourcecode.swift; path = CurrencyConverter.swift; sourceTree = "<group>"; };
		6BCC2A852BBFEFF700933028 /* SubCardEditViewController.swift */ = {isa = PBXFileReference; lastKnownFileType = sourcecode.swift; path = SubCardEditViewController.swift; sourceTree = "<group>"; };
		6BCC2A892BBFF14100933028 /* TitleCell.swift */ = {isa = PBXFileReference; lastKnownFileType = sourcecode.swift; path = TitleCell.swift; sourceTree = "<group>"; };
		6BCC2A8B2BC003A700933028 /* ImageCell.swift */ = {isa = PBXFileReference; lastKnownFileType = sourcecode.swift; path = ImageCell.swift; sourceTree = "<group>"; };
		6BCC2A8D2BC3B49100933028 /* PriceCell.swift */ = {isa = PBXFileReference; lastKnownFileType = sourcecode.swift; path = PriceCell.swift; sourceTree = "<group>"; };
		6BCC2A912BC3BB0000933028 /* HeaderView.swift */ = {isa = PBXFileReference; lastKnownFileType = sourcecode.swift; path = HeaderView.swift; sourceTree = "<group>"; };
		6BCC2A932BC3C00800933028 /* LocationCell.swift */ = {isa = PBXFileReference; lastKnownFileType = sourcecode.swift; path = LocationCell.swift; sourceTree = "<group>"; };
		6BCC2A952BC3CD8100933028 /* ScriptCell.swift */ = {isa = PBXFileReference; lastKnownFileType = sourcecode.swift; path = ScriptCell.swift; sourceTree = "<group>"; };
		6BCC2A972BC3D32B00933028 /* CategoryCell.swift */ = {isa = PBXFileReference; lastKnownFileType = sourcecode.swift; path = CategoryCell.swift; sourceTree = "<group>"; };
		6BCC2A992BC402BC00933028 /* StarRateCell.swift */ = {isa = PBXFileReference; lastKnownFileType = sourcecode.swift; path = StarRateCell.swift; sourceTree = "<group>"; };
		6BCC920B2B8F034600931D0C /* MainCardDTO.swift */ = {isa = PBXFileReference; lastKnownFileType = sourcecode.swift; path = MainCardDTO.swift; sourceTree = "<group>"; };
		6BCC920F2B8F05AA00931D0C /* MainCardsViewModel.swift */ = {isa = PBXFileReference; lastKnownFileType = sourcecode.swift; path = MainCardsViewModel.swift; sourceTree = "<group>"; };
		6BCC92142B8F0D7700931D0C /* Observable.swift */ = {isa = PBXFileReference; lastKnownFileType = sourcecode.swift; path = Observable.swift; sourceTree = "<group>"; };
		6BDBE3952BE3653200066051 /* ImageFileManager.swift */ = {isa = PBXFileReference; lastKnownFileType = sourcecode.swift; path = ImageFileManager.swift; sourceTree = "<group>"; };
		6BE11A932BB3D3F000E30964 /* SearchLocationView.swift */ = {isa = PBXFileReference; lastKnownFileType = sourcecode.swift; path = SearchLocationView.swift; sourceTree = "<group>"; };
		6BE11A952BB3F90800E30964 /* ModalHeight.swift */ = {isa = PBXFileReference; lastKnownFileType = sourcecode.swift; path = ModalHeight.swift; sourceTree = "<group>"; };
		6BE11A972BB54FC200E30964 /* SubCardListCell.swift */ = {isa = PBXFileReference; lastKnownFileType = sourcecode.swift; path = SubCardListCell.swift; sourceTree = "<group>"; };
		6BE11A9A2BB6840500E30964 /* MainCard.xcdatamodel */ = {isa = PBXFileReference; lastKnownFileType = wrapper.xcdatamodel; path = MainCard.xcdatamodel; sourceTree = "<group>"; };
		6BE11ABF2BB697AC00E30964 /* MainCard+CoreDataClass.swift */ = {isa = PBXFileReference; lastKnownFileType = sourcecode.swift; path = "MainCard+CoreDataClass.swift"; sourceTree = "<group>"; };
		6BE11AC02BB697AC00E30964 /* MainCard+CoreDataProperties.swift */ = {isa = PBXFileReference; lastKnownFileType = sourcecode.swift; path = "MainCard+CoreDataProperties.swift"; sourceTree = "<group>"; };
		6BE11AC92BB699BD00E30964 /* CoreDataManager.swift */ = {isa = PBXFileReference; lastKnownFileType = sourcecode.swift; path = CoreDataManager.swift; sourceTree = "<group>"; };
		6BE523B92BA02AA200A551DB /* StarRateView.swift */ = {isa = PBXFileReference; lastKnownFileType = sourcecode.swift; path = StarRateView.swift; sourceTree = "<group>"; };
		6BE523BB2BA02DC900A551DB /* PriceView.swift */ = {isa = PBXFileReference; lastKnownFileType = sourcecode.swift; path = PriceView.swift; sourceTree = "<group>"; };
		6BE523BD2BA0343200A551DB /* LocationView.swift */ = {isa = PBXFileReference; lastKnownFileType = sourcecode.swift; path = LocationView.swift; sourceTree = "<group>"; };
		6BE523BF2BA0356300A551DB /* TitleView.swift */ = {isa = PBXFileReference; lastKnownFileType = sourcecode.swift; path = TitleView.swift; sourceTree = "<group>"; };
		6BEAA23C2B8E17AE0017318C /* TripLog.app */ = {isa = PBXFileReference; explicitFileType = wrapper.application; includeInIndex = 0; path = TripLog.app; sourceTree = BUILT_PRODUCTS_DIR; };
		6BEAA23F2B8E17AE0017318C /* AppDelegate.swift */ = {isa = PBXFileReference; lastKnownFileType = sourcecode.swift; path = AppDelegate.swift; sourceTree = "<group>"; };
		6BEAA2412B8E17AE0017318C /* SceneDelegate.swift */ = {isa = PBXFileReference; lastKnownFileType = sourcecode.swift; path = SceneDelegate.swift; sourceTree = "<group>"; };
		6BEAA2432B8E17AE0017318C /* MainViewController.swift */ = {isa = PBXFileReference; lastKnownFileType = sourcecode.swift; path = MainViewController.swift; sourceTree = "<group>"; };
		6BEAA2482B8E17AF0017318C /* Assets.xcassets */ = {isa = PBXFileReference; lastKnownFileType = folder.assetcatalog; path = Assets.xcassets; sourceTree = "<group>"; };
		6BEAA24D2B8E17AF0017318C /* Info.plist */ = {isa = PBXFileReference; lastKnownFileType = text.plist.xml; path = Info.plist; sourceTree = "<group>"; };
		6BFAEB5F2BAAC9810088CBA3 /* CustomDetent.swift */ = {isa = PBXFileReference; lastKnownFileType = sourcecode.swift; path = CustomDetent.swift; sourceTree = "<group>"; };
		6BFAEB622BAACF820088CBA3 /* Section.swift */ = {isa = PBXFileReference; lastKnownFileType = sourcecode.swift; path = Section.swift; sourceTree = "<group>"; };
/* End PBXFileReference section */

/* Begin PBXFrameworksBuildPhase section */
		6BEAA2392B8E17AE0017318C /* Frameworks */ = {
			isa = PBXFrameworksBuildPhase;
			buildActionMask = 2147483647;
			files = (
			);
			runOnlyForDeploymentPostprocessing = 0;
		};
/* End PBXFrameworksBuildPhase section */

/* Begin PBXGroup section */
		6B07DD012BA6BC5200EEB271 /* Extenstion */ = {
			isa = PBXGroup;
			children = (
				6B3EE4C62BBD70920003C6B6 /* URLSession+Extenssion.swift */,
				6B07DD022BA6BC8F00EEB271 /* MKPointOfInterestCategory+Extenstion.swift */,
				6B3EE4C22BBD62EF0003C6B6 /* Bundle+Extension.swift */,
			);
			path = Extenstion;
			sourceTree = "<group>";
		};
		6B36F1BF2B988EFD005A396E /* SubCardsView */ = {
			isa = PBXGroup;
			children = (
				6B99FA7E2BAD4DB200F5CF48 /* SubCardsViewController */,
				6B8A45F72BAC104D00D14118 /* SubCardEditViewController */,
				6BB8D16D2BA4360B00F96229 /* MapViewController */,
			);
			path = SubCardsView;
			sourceTree = "<group>";
		};
		6B3EE4CA2BBD73430003C6B6 /* Error */ = {
			isa = PBXGroup;
			children = (
				6BACF0052BBD5A5100215307 /* ErrorCase.swift */,
				6B07B9232BE37ADB0051D2C8 /* DataBaseError.swift */,
			);
			path = Error;
			sourceTree = "<group>";
		};
		6B861ABE2B9B1BE500D1D7F7 /* CollectionViewLayout */ = {
			isa = PBXGroup;
			children = (
				6B861AB82B99845A00D1D7F7 /* CircularLayout.swift */,
				6B861ABA2B99B29E00D1D7F7 /* CircularAttributes.swift */,
			);
			path = CollectionViewLayout;
			sourceTree = "<group>";
		};
		6B87F0F82B9075440036A53B /* ViewModel */ = {
			isa = PBXGroup;
			children = (
				6BCC920F2B8F05AA00931D0C /* MainCardsViewModel.swift */,
				6B861AB42B98973600D1D7F7 /* SubCardsViewModel.swift */,
				6B1E787B2BA80F4E00008CAF /* SearchLocationViewModel.swift */,
				6B9BD8FC2BA184EC0050F02A /* Protocol */,
			);
			path = ViewModel;
			sourceTree = "<group>";
		};
		6B8A45F72BAC104D00D14118 /* SubCardEditViewController */ = {
			isa = PBXGroup;
			children = (
				6BCC2A852BBFEFF700933028 /* SubCardEditViewController.swift */,
				6B9B4B022BC7A5DF001DD865 /* CellAndHeader */,
			);
			path = SubCardEditViewController;
			sourceTree = "<group>";
		};
		6B99FA7C2BAD4D4200F5CF48 /* MainViewController */ = {
			isa = PBXGroup;
			children = (
				6BEAA2432B8E17AE0017318C /* MainViewController.swift */,
				6B87F0F42B8F3C880036A53B /* MainCollectionView.swift */,
				6B87F0F62B8F458F0036A53B /* MainCardCell.swift */,
				6B9BD8F72BA184700050F02A /* Delegate */,
			);
			path = MainViewController;
			sourceTree = "<group>";
		};
		6B99FA7D2BAD4D5D00F5CF48 /* MainCardEditViewController */ = {
			isa = PBXGroup;
			children = (
				6B87F0F92B90A8360036A53B /* MainCardEditViewController.swift */,
			);
			path = MainCardEditViewController;
			sourceTree = "<group>";
		};
		6B99FA7E2BAD4DB200F5CF48 /* SubCardsViewController */ = {
			isa = PBXGroup;
			children = (
				6B36F1C02B988F3C005A396E /* SubCardsViewController.swift */,
				6B861AB62B996D9F00D1D7F7 /* SubCardsCollectionView.swift */,
				6B861ABC2B99B48B00D1D7F7 /* SubCardCell.swift */,
				6BE11A972BB54FC200E30964 /* SubCardListCell.swift */,
				6B99FA7F2BAD4DCA00F5CF48 /* Delegate */,
			);
			path = SubCardsViewController;
			sourceTree = "<group>";
		};
		6B99FA7F2BAD4DCA00F5CF48 /* Delegate */ = {
			isa = PBXGroup;
			children = (
				6B9BD8F52BA1844B0050F02A /* SubCardsViewControllerDelegate.swift */,
			);
			path = Delegate;
			sourceTree = "<group>";
		};
		6B9B4B022BC7A5DF001DD865 /* CellAndHeader */ = {
			isa = PBXGroup;
			children = (
				6BCC2A892BBFF14100933028 /* TitleCell.swift */,
				6BCC2A8B2BC003A700933028 /* ImageCell.swift */,
				6BCC2A992BC402BC00933028 /* StarRateCell.swift */,
				6BCC2A8D2BC3B49100933028 /* PriceCell.swift */,
				6BCC2A932BC3C00800933028 /* LocationCell.swift */,
				6BCC2A972BC3D32B00933028 /* CategoryCell.swift */,
				6BCC2A952BC3CD8100933028 /* ScriptCell.swift */,
				6BCC2A912BC3BB0000933028 /* HeaderView.swift */,
			);
			path = CellAndHeader;
			sourceTree = "<group>";
		};
		6B9BD8F42BA1842D0050F02A /* Delegate */ = {
			isa = PBXGroup;
			children = (
				6B8A45F12BAB216C00D14118 /* MapViewControllerDelegate.swift */,
				6B1E78812BA95E7200008CAF /* InformationViewDelegate.swift */,
				6B8A45F52BABF8DD00D14118 /* SearchLocationViewDelegate.swift */,
			);
			path = Delegate;
			sourceTree = "<group>";
		};
		6B9BD8F72BA184700050F02A /* Delegate */ = {
			isa = PBXGroup;
			children = (
				6B9BD8F82BA184810050F02A /* CellDelegate.swift */,
				6B9BD8FA2BA184960050F02A /* MainCollectionViewDelegate.swift */,
			);
			path = Delegate;
			sourceTree = "<group>";
		};
		6B9BD8FC2BA184EC0050F02A /* Protocol */ = {
			isa = PBXGroup;
			children = (
				6B9BD8FD2BA185010050F02A /* MainViewModelProtocol.swift */,
			);
			path = Protocol;
			sourceTree = "<group>";
		};
		6BB59A392B959D4800E15C8E /* LIfeCycle */ = {
			isa = PBXGroup;
			children = (
				6BEAA23F2B8E17AE0017318C /* AppDelegate.swift */,
				6BEAA2412B8E17AE0017318C /* SceneDelegate.swift */,
			);
			path = LIfeCycle;
			sourceTree = "<group>";
		};
		6BB8D16D2BA4360B00F96229 /* MapViewController */ = {
			isa = PBXGroup;
			children = (
				6B9BD8FF2BA1C4560050F02A /* MapViewController.swift */,
				6BE11A932BB3D3F000E30964 /* SearchLocationView.swift */,
				6B1E787D2BA81BC800008CAF /* SearchListCollectionView.swift */,
				6B1E787F2BA8672B00008CAF /* SelectedLocationInformationView.swift */,
				6BB8D16E2BA43EFF00F96229 /* LocationListCell.swift */,
				6B9BD8F42BA1842D0050F02A /* Delegate */,
			);
			path = MapViewController;
			sourceTree = "<group>";
		};
		6BCC92092B8F026200931D0C /* Model */ = {
			isa = PBXGroup;
			children = (
				6BCC920B2B8F034600931D0C /* MainCardDTO.swift */,
				6B87F0F22B8F256E0036A53B /* SubCardModelDTO.swift */,
				6B1E78792BA80ED400008CAF /* LocationDTO.swift */,
				6BACF0002BBD561300215307 /* CurrencyDTO.swift */,
			);
			path = Model;
			sourceTree = "<group>";
		};
		6BCC920A2B8F029A00931D0C /* MainView */ = {
			isa = PBXGroup;
			children = (
				6B99FA7C2BAD4D4200F5CF48 /* MainViewController */,
				6B99FA7D2BAD4D5D00F5CF48 /* MainCardEditViewController */,
			);
			path = MainView;
			sourceTree = "<group>";
		};
		6BCC92132B8F0D5100931D0C /* Utils */ = {
			isa = PBXGroup;
			children = (
				6B1E78832BA9796F00008CAF /* MapSearchSevice.swift */,
				6BDBE3952BE3653200066051 /* ImageFileManager.swift */,
				6BCC92142B8F0D7700931D0C /* Observable.swift */,
				6B2F94E42BB2975B0027CC35 /* Debouncer.swift */,
				6B3EE4C82BBD71010003C6B6 /* JSONConverter.swift */,
				6BCC2A822BBFDE0400933028 /* CurrencyConverter.swift */,
				6BE11AC92BB699BD00E30964 /* CoreDataManager.swift */,
				6B18D3F22BBA4A7300CBE2C6 /* MainDataManager.swift */,
				6B3EE4C42BBD64EE0003C6B6 /* NetworkManager.swift */,
			);
			path = Utils;
			sourceTree = "<group>";
		};
		6BE11AA02BB68BAD00E30964 /* CoreData */ = {
			isa = PBXGroup;
			children = (
				6BE11ACB2BB6DE4400E30964 /* DataClass */,
				6BE11A992BB6840500E30964 /* MainData.xcdatamodeld */,
			);
			path = CoreData;
			sourceTree = "<group>";
		};
		6BE11ACB2BB6DE4400E30964 /* DataClass */ = {
			isa = PBXGroup;
			children = (
				6BE11ABF2BB697AC00E30964 /* MainCard+CoreDataClass.swift */,
				6BE11AC02BB697AC00E30964 /* MainCard+CoreDataProperties.swift */,
				6B18D4102BBBDF0D00CBE2C6 /* SubCard+CoreDataClass.swift */,
				6B18D4112BBBDF0D00CBE2C6 /* SubCard+CoreDataProperties.swift */,
				6B18D4042BBA80A200CBE2C6 /* Location+CoreDataClass.swift */,
				6B18D4052BBA80A200CBE2C6 /* Location+CoreDataProperties.swift */,
			);
			path = DataClass;
			sourceTree = "<group>";
		};
		6BE523B82BA02A8600A551DB /* ViewComponent */ = {
			isa = PBXGroup;
			children = (
				6BE523B92BA02AA200A551DB /* StarRateView.swift */,
				6BE523BB2BA02DC900A551DB /* PriceView.swift */,
				6B18D40A2BBACC1500CBE2C6 /* CategoryView.swift */,
				6BE523BF2BA0356300A551DB /* TitleView.swift */,
				6BBB9F8B2BA2B92F0013A82B /* SelectedImageView.swift */,
				6BE523BD2BA0343200A551DB /* LocationView.swift */,
				6B8A45F32BABE7D900D14118 /* CustomAnnotaionView.swift */,
				6B861ABE2B9B1BE500D1D7F7 /* CollectionViewLayout */,
			);
			path = ViewComponent;
			sourceTree = "<group>";
		};
		6BEAA2332B8E17AE0017318C = {
			isa = PBXGroup;
			children = (
				6BEAA23E2B8E17AE0017318C /* TripLog */,
				6BEAA23D2B8E17AE0017318C /* Products */,
			);
			sourceTree = "<group>";
		};
		6BEAA23D2B8E17AE0017318C /* Products */ = {
			isa = PBXGroup;
			children = (
				6BEAA23C2B8E17AE0017318C /* TripLog.app */,
			);
			name = Products;
			sourceTree = "<group>";
		};
		6BEAA23E2B8E17AE0017318C /* TripLog */ = {
			isa = PBXGroup;
			children = (
				6BE11AA02BB68BAD00E30964 /* CoreData */,
				6BB59A392B959D4800E15C8E /* LIfeCycle */,
				6BCC920A2B8F029A00931D0C /* MainView */,
				6B36F1BF2B988EFD005A396E /* SubCardsView */,
				6BE523B82BA02A8600A551DB /* ViewComponent */,
				6B87F0F82B9075440036A53B /* ViewModel */,
				6BCC92092B8F026200931D0C /* Model */,
				6BCC92132B8F0D5100931D0C /* Utils */,
				6BFAEB612BAACF310088CBA3 /* Enum */,
				6B07DD012BA6BC5200EEB271 /* Extenstion */,
				6BEAA2482B8E17AF0017318C /* Assets.xcassets */,
				6BEAA24D2B8E17AF0017318C /* Info.plist */,
				6B3EE4C02BBD5EEA0003C6B6 /* APIKeys.plist */,
			);
			path = TripLog;
			sourceTree = "<group>";
		};
		6BFAEB612BAACF310088CBA3 /* Enum */ = {
			isa = PBXGroup;
			children = (
				6B3EE4BE2BBD5B3D0003C6B6 /* URLList.swift */,
				6BFAEB5F2BAAC9810088CBA3 /* CustomDetent.swift */,
				6BFAEB622BAACF820088CBA3 /* Section.swift */,
				6B9B4B032BC7A675001DD865 /* ContentsOfCell.swift */,
				6BACEFFE2BBD4E1300215307 /* CurrencyList.swift */,
				6BE11A952BB3F90800E30964 /* ModalHeight.swift */,
				6B18D40E2BBBD1C200CBE2C6 /* CardCategory.swift */,
				6B3EE4CA2BBD73430003C6B6 /* Error */,
			);
			path = Enum;
			sourceTree = "<group>";
		};
/* End PBXGroup section */

/* Begin PBXNativeTarget section */
		6BEAA23B2B8E17AE0017318C /* TripLog */ = {
			isa = PBXNativeTarget;
			buildConfigurationList = 6BEAA2502B8E17AF0017318C /* Build configuration list for PBXNativeTarget "TripLog" */;
			buildPhases = (
				6BEAA2382B8E17AE0017318C /* Sources */,
				6BEAA2392B8E17AE0017318C /* Frameworks */,
				6BEAA23A2B8E17AE0017318C /* Resources */,
			);
			buildRules = (
			);
			dependencies = (
			);
			name = TripLog;
			productName = TripLog;
			productReference = 6BEAA23C2B8E17AE0017318C /* TripLog.app */;
			productType = "com.apple.product-type.application";
		};
/* End PBXNativeTarget section */

/* Begin PBXProject section */
		6BEAA2342B8E17AE0017318C /* Project object */ = {
			isa = PBXProject;
			attributes = {
				BuildIndependentTargetsInParallel = 1;
				LastSwiftUpdateCheck = 1520;
				LastUpgradeCheck = 1520;
				TargetAttributes = {
					6BEAA23B2B8E17AE0017318C = {
						CreatedOnToolsVersion = 15.2;
					};
				};
			};
			buildConfigurationList = 6BEAA2372B8E17AE0017318C /* Build configuration list for PBXProject "TripLog" */;
			compatibilityVersion = "Xcode 14.0";
			developmentRegion = en;
			hasScannedForEncodings = 0;
			knownRegions = (
				en,
				Base,
			);
			mainGroup = 6BEAA2332B8E17AE0017318C;
			productRefGroup = 6BEAA23D2B8E17AE0017318C /* Products */;
			projectDirPath = "";
			projectRoot = "";
			targets = (
				6BEAA23B2B8E17AE0017318C /* TripLog */,
			);
		};
/* End PBXProject section */

/* Begin PBXResourcesBuildPhase section */
		6BEAA23A2B8E17AE0017318C /* Resources */ = {
			isa = PBXResourcesBuildPhase;
			buildActionMask = 2147483647;
			files = (
				6BEAA2492B8E17AF0017318C /* Assets.xcassets in Resources */,
				6B3EE4C12BBD5EEA0003C6B6 /* APIKeys.plist in Resources */,
			);
			runOnlyForDeploymentPostprocessing = 0;
		};
/* End PBXResourcesBuildPhase section */

/* Begin PBXSourcesBuildPhase section */
		6BEAA2382B8E17AE0017318C /* Sources */ = {
			isa = PBXSourcesBuildPhase;
			buildActionMask = 2147483647;
			files = (
				6B8A45F62BABF8DD00D14118 /* SearchLocationViewDelegate.swift in Sources */,
				6B3EE4C32BBD62EF0003C6B6 /* Bundle+Extension.swift in Sources */,
				6BCC2A862BBFEFF700933028 /* SubCardEditViewController.swift in Sources */,
				6B861ABD2B99B48B00D1D7F7 /* SubCardCell.swift in Sources */,
				6BCC92152B8F0D7700931D0C /* Observable.swift in Sources */,
				6B36F1C12B988F3C005A396E /* SubCardsViewController.swift in Sources */,
				6BE11A962BB3F90800E30964 /* ModalHeight.swift in Sources */,
				6BE11ACA2BB699BD00E30964 /* CoreDataManager.swift in Sources */,
				6B18D4062BBA80A200CBE2C6 /* Location+CoreDataClass.swift in Sources */,
				6B3EE4C92BBD71010003C6B6 /* JSONConverter.swift in Sources */,
				6B3EE4C72BBD70920003C6B6 /* URLSession+Extenssion.swift in Sources */,
				6BCC920C2B8F034600931D0C /* MainCardDTO.swift in Sources */,
				6BFAEB632BAACF820088CBA3 /* Section.swift in Sources */,
				6BEAA2442B8E17AE0017318C /* MainViewController.swift in Sources */,
				6BB8D16F2BA43EFF00F96229 /* LocationListCell.swift in Sources */,
				6B2F94E52BB2975B0027CC35 /* Debouncer.swift in Sources */,
				6BE11A942BB3D3F000E30964 /* SearchLocationView.swift in Sources */,
				6BE523BA2BA02AA200A551DB /* StarRateView.swift in Sources */,
				6BCC2A8C2BC003A700933028 /* ImageCell.swift in Sources */,
				6B1E787C2BA80F4E00008CAF /* SearchLocationViewModel.swift in Sources */,
				6B9BD8F62BA1844B0050F02A /* SubCardsViewControllerDelegate.swift in Sources */,
				6B9BD8F92BA184810050F02A /* CellDelegate.swift in Sources */,
				6B3EE4C52BBD64EE0003C6B6 /* NetworkManager.swift in Sources */,
				6B861AB92B99845A00D1D7F7 /* CircularLayout.swift in Sources */,
				6B861ABB2B99B29E00D1D7F7 /* CircularAttributes.swift in Sources */,
				6B3EE4BF2BBD5B3D0003C6B6 /* URLList.swift in Sources */,
				6BE11A982BB54FC200E30964 /* SubCardListCell.swift in Sources */,
				6B1E787A2BA80ED400008CAF /* LocationDTO.swift in Sources */,
				6B07B9242BE37ADB0051D2C8 /* DataBaseError.swift in Sources */,
				6BCC2A982BC3D32B00933028 /* CategoryCell.swift in Sources */,
				6B18D40B2BBACC1500CBE2C6 /* CategoryView.swift in Sources */,
				6B8A45F22BAB216C00D14118 /* MapViewControllerDelegate.swift in Sources */,
				6B18D40F2BBBD1C200CBE2C6 /* CardCategory.swift in Sources */,
				6B861AB72B996D9F00D1D7F7 /* SubCardsCollectionView.swift in Sources */,
				6B18D4072BBA80A200CBE2C6 /* Location+CoreDataProperties.swift in Sources */,
				6B18D4122BBBDF0D00CBE2C6 /* SubCard+CoreDataClass.swift in Sources */,
				6B8A45F42BABE7D900D14118 /* CustomAnnotaionView.swift in Sources */,
				6B9BD8FB2BA184960050F02A /* MainCollectionViewDelegate.swift in Sources */,
				6B87F0F32B8F256E0036A53B /* SubCardModelDTO.swift in Sources */,
				6B87F0FA2B90A8360036A53B /* MainCardEditViewController.swift in Sources */,
				6BEAA2402B8E17AE0017318C /* AppDelegate.swift in Sources */,
				6BCC2A8A2BBFF14100933028 /* TitleCell.swift in Sources */,
				6BE11A9B2BB6840500E30964 /* MainData.xcdatamodeld in Sources */,
				6BBB9F8C2BA2B92F0013A82B /* SelectedImageView.swift in Sources */,
				6BEAA2422B8E17AE0017318C /* SceneDelegate.swift in Sources */,
				6BCC2A8E2BC3B49100933028 /* PriceCell.swift in Sources */,
				6B18D4132BBBDF0D00CBE2C6 /* SubCard+CoreDataProperties.swift in Sources */,
				6B07DD032BA6BC8F00EEB271 /* MKPointOfInterestCategory+Extenstion.swift in Sources */,
				6BCC2A832BBFDE0400933028 /* CurrencyConverter.swift in Sources */,
				6BCC92102B8F05AA00931D0C /* MainCardsViewModel.swift in Sources */,
				6B9B4B042BC7A675001DD865 /* ContentsOfCell.swift in Sources */,
				6B861AB52B98973600D1D7F7 /* SubCardsViewModel.swift in Sources */,
				6B87F0F72B8F458F0036A53B /* MainCardCell.swift in Sources */,
				6BCC2A962BC3CD8100933028 /* ScriptCell.swift in Sources */,
				6BE523C02BA0356300A551DB /* TitleView.swift in Sources */,
				6B1E78822BA95E7200008CAF /* InformationViewDelegate.swift in Sources */,
				6BE11AC52BB697AC00E30964 /* MainCard+CoreDataClass.swift in Sources */,
				6BCC2A922BC3BB0000933028 /* HeaderView.swift in Sources */,
				6BACF0012BBD561300215307 /* CurrencyDTO.swift in Sources */,
				6B1E78842BA9796F00008CAF /* MapSearchSevice.swift in Sources */,
				6BDBE3962BE3653200066051 /* ImageFileManager.swift in Sources */,
				6B9BD8FE2BA185010050F02A /* MainViewModelProtocol.swift in Sources */,
				6BACF0062BBD5A5100215307 /* ErrorCase.swift in Sources */,
				6BFAEB602BAAC9810088CBA3 /* CustomDetent.swift in Sources */,
				6BE523BE2BA0343200A551DB /* LocationView.swift in Sources */,
				6B1E787E2BA81BC800008CAF /* SearchListCollectionView.swift in Sources */,
				6B1E78802BA8672B00008CAF /* SelectedLocationInformationView.swift in Sources */,
				6BE523BC2BA02DC900A551DB /* PriceView.swift in Sources */,
				6BCC2A9A2BC402BC00933028 /* StarRateCell.swift in Sources */,
				6BACEFFF2BBD4E1300215307 /* CurrencyList.swift in Sources */,
				6B87F0F52B8F3C880036A53B /* MainCollectionView.swift in Sources */,
				6BCC2A942BC3C00800933028 /* LocationCell.swift in Sources */,
				6B18D3F32BBA4A7300CBE2C6 /* MainDataManager.swift in Sources */,
				6B9BD9002BA1C4560050F02A /* MapViewController.swift in Sources */,
				6BE11AC62BB697AC00E30964 /* MainCard+CoreDataProperties.swift in Sources */,
			);
			runOnlyForDeploymentPostprocessing = 0;
		};
/* End PBXSourcesBuildPhase section */

/* Begin XCBuildConfiguration section */
		6BEAA24E2B8E17AF0017318C /* Debug */ = {
			isa = XCBuildConfiguration;
			buildSettings = {
				ALWAYS_SEARCH_USER_PATHS = NO;
				ASSETCATALOG_COMPILER_GENERATE_SWIFT_ASSET_SYMBOL_EXTENSIONS = YES;
				CLANG_ANALYZER_NONNULL = YES;
				CLANG_ANALYZER_NUMBER_OBJECT_CONVERSION = YES_AGGRESSIVE;
				CLANG_CXX_LANGUAGE_STANDARD = "gnu++20";
				CLANG_ENABLE_MODULES = YES;
				CLANG_ENABLE_OBJC_ARC = YES;
				CLANG_ENABLE_OBJC_WEAK = YES;
				CLANG_WARN_BLOCK_CAPTURE_AUTORELEASING = YES;
				CLANG_WARN_BOOL_CONVERSION = YES;
				CLANG_WARN_COMMA = YES;
				CLANG_WARN_CONSTANT_CONVERSION = YES;
				CLANG_WARN_DEPRECATED_OBJC_IMPLEMENTATIONS = YES;
				CLANG_WARN_DIRECT_OBJC_ISA_USAGE = YES_ERROR;
				CLANG_WARN_DOCUMENTATION_COMMENTS = YES;
				CLANG_WARN_EMPTY_BODY = YES;
				CLANG_WARN_ENUM_CONVERSION = YES;
				CLANG_WARN_INFINITE_RECURSION = YES;
				CLANG_WARN_INT_CONVERSION = YES;
				CLANG_WARN_NON_LITERAL_NULL_CONVERSION = YES;
				CLANG_WARN_OBJC_IMPLICIT_RETAIN_SELF = YES;
				CLANG_WARN_OBJC_LITERAL_CONVERSION = YES;
				CLANG_WARN_OBJC_ROOT_CLASS = YES_ERROR;
				CLANG_WARN_QUOTED_INCLUDE_IN_FRAMEWORK_HEADER = YES;
				CLANG_WARN_RANGE_LOOP_ANALYSIS = YES;
				CLANG_WARN_STRICT_PROTOTYPES = YES;
				CLANG_WARN_SUSPICIOUS_MOVE = YES;
				CLANG_WARN_UNGUARDED_AVAILABILITY = YES_AGGRESSIVE;
				CLANG_WARN_UNREACHABLE_CODE = YES;
				CLANG_WARN__DUPLICATE_METHOD_MATCH = YES;
				COPY_PHASE_STRIP = NO;
				DEBUG_INFORMATION_FORMAT = dwarf;
				ENABLE_STRICT_OBJC_MSGSEND = YES;
				ENABLE_TESTABILITY = YES;
				ENABLE_USER_SCRIPT_SANDBOXING = YES;
				GCC_C_LANGUAGE_STANDARD = gnu17;
				GCC_DYNAMIC_NO_PIC = NO;
				GCC_NO_COMMON_BLOCKS = YES;
				GCC_OPTIMIZATION_LEVEL = 0;
				GCC_PREPROCESSOR_DEFINITIONS = (
					"DEBUG=1",
					"$(inherited)",
				);
				GCC_WARN_64_TO_32_BIT_CONVERSION = YES;
				GCC_WARN_ABOUT_RETURN_TYPE = YES_ERROR;
				GCC_WARN_UNDECLARED_SELECTOR = YES;
				GCC_WARN_UNINITIALIZED_AUTOS = YES_AGGRESSIVE;
				GCC_WARN_UNUSED_FUNCTION = YES;
				GCC_WARN_UNUSED_VARIABLE = YES;
				IPHONEOS_DEPLOYMENT_TARGET = 16.0;
				LOCALIZATION_PREFERS_STRING_CATALOGS = YES;
				MTL_ENABLE_DEBUG_INFO = INCLUDE_SOURCE;
				MTL_FAST_MATH = YES;
				ONLY_ACTIVE_ARCH = YES;
				SDKROOT = iphoneos;
				SWIFT_ACTIVE_COMPILATION_CONDITIONS = "DEBUG $(inherited)";
				SWIFT_OPTIMIZATION_LEVEL = "-Onone";
			};
			name = Debug;
		};
		6BEAA24F2B8E17AF0017318C /* Release */ = {
			isa = XCBuildConfiguration;
			buildSettings = {
				ALWAYS_SEARCH_USER_PATHS = NO;
				ASSETCATALOG_COMPILER_GENERATE_SWIFT_ASSET_SYMBOL_EXTENSIONS = YES;
				CLANG_ANALYZER_NONNULL = YES;
				CLANG_ANALYZER_NUMBER_OBJECT_CONVERSION = YES_AGGRESSIVE;
				CLANG_CXX_LANGUAGE_STANDARD = "gnu++20";
				CLANG_ENABLE_MODULES = YES;
				CLANG_ENABLE_OBJC_ARC = YES;
				CLANG_ENABLE_OBJC_WEAK = YES;
				CLANG_WARN_BLOCK_CAPTURE_AUTORELEASING = YES;
				CLANG_WARN_BOOL_CONVERSION = YES;
				CLANG_WARN_COMMA = YES;
				CLANG_WARN_CONSTANT_CONVERSION = YES;
				CLANG_WARN_DEPRECATED_OBJC_IMPLEMENTATIONS = YES;
				CLANG_WARN_DIRECT_OBJC_ISA_USAGE = YES_ERROR;
				CLANG_WARN_DOCUMENTATION_COMMENTS = YES;
				CLANG_WARN_EMPTY_BODY = YES;
				CLANG_WARN_ENUM_CONVERSION = YES;
				CLANG_WARN_INFINITE_RECURSION = YES;
				CLANG_WARN_INT_CONVERSION = YES;
				CLANG_WARN_NON_LITERAL_NULL_CONVERSION = YES;
				CLANG_WARN_OBJC_IMPLICIT_RETAIN_SELF = YES;
				CLANG_WARN_OBJC_LITERAL_CONVERSION = YES;
				CLANG_WARN_OBJC_ROOT_CLASS = YES_ERROR;
				CLANG_WARN_QUOTED_INCLUDE_IN_FRAMEWORK_HEADER = YES;
				CLANG_WARN_RANGE_LOOP_ANALYSIS = YES;
				CLANG_WARN_STRICT_PROTOTYPES = YES;
				CLANG_WARN_SUSPICIOUS_MOVE = YES;
				CLANG_WARN_UNGUARDED_AVAILABILITY = YES_AGGRESSIVE;
				CLANG_WARN_UNREACHABLE_CODE = YES;
				CLANG_WARN__DUPLICATE_METHOD_MATCH = YES;
				COPY_PHASE_STRIP = NO;
				DEBUG_INFORMATION_FORMAT = "dwarf-with-dsym";
				ENABLE_NS_ASSERTIONS = NO;
				ENABLE_STRICT_OBJC_MSGSEND = YES;
				ENABLE_USER_SCRIPT_SANDBOXING = YES;
				GCC_C_LANGUAGE_STANDARD = gnu17;
				GCC_NO_COMMON_BLOCKS = YES;
				GCC_WARN_64_TO_32_BIT_CONVERSION = YES;
				GCC_WARN_ABOUT_RETURN_TYPE = YES_ERROR;
				GCC_WARN_UNDECLARED_SELECTOR = YES;
				GCC_WARN_UNINITIALIZED_AUTOS = YES_AGGRESSIVE;
				GCC_WARN_UNUSED_FUNCTION = YES;
				GCC_WARN_UNUSED_VARIABLE = YES;
				IPHONEOS_DEPLOYMENT_TARGET = 16.0;
				LOCALIZATION_PREFERS_STRING_CATALOGS = YES;
				MTL_ENABLE_DEBUG_INFO = NO;
				MTL_FAST_MATH = YES;
				SDKROOT = iphoneos;
				SWIFT_COMPILATION_MODE = wholemodule;
				VALIDATE_PRODUCT = YES;
			};
			name = Release;
		};
		6BEAA2512B8E17AF0017318C /* Debug */ = {
			isa = XCBuildConfiguration;
			buildSettings = {
				ASSETCATALOG_COMPILER_APPICON_NAME = AppIcon;
				ASSETCATALOG_COMPILER_GLOBAL_ACCENT_COLOR_NAME = AccentColor;
				CODE_SIGN_STYLE = Automatic;
				CURRENT_PROJECT_VERSION = 1;
				DEVELOPMENT_TEAM = F8Q3Y446GH;
				GENERATE_INFOPLIST_FILE = YES;
				INFOPLIST_FILE = TripLog/Info.plist;
				INFOPLIST_KEY_NSPhotoLibraryUsageDescription = "사진을 추가하기 위해서 앨범의 사진권한을 허용해주세요.";
				INFOPLIST_KEY_UIApplicationSupportsIndirectInputEvents = YES;
				INFOPLIST_KEY_UILaunchStoryboardName = LaunchScreen;
				INFOPLIST_KEY_UISupportedInterfaceOrientations_iPad = "UIInterfaceOrientationPortrait UIInterfaceOrientationPortraitUpsideDown UIInterfaceOrientationLandscapeLeft UIInterfaceOrientationLandscapeRight";
				INFOPLIST_KEY_UISupportedInterfaceOrientations_iPhone = "UIInterfaceOrientationPortrait UIInterfaceOrientationLandscapeLeft UIInterfaceOrientationLandscapeRight";
				INFOPLIST_KEY_UIUserInterfaceStyle = Light;
				IPHONEOS_DEPLOYMENT_TARGET = 16.0;
				LD_RUNPATH_SEARCH_PATHS = (
					"$(inherited)",
					"@executable_path/Frameworks",
				);
				MARKETING_VERSION = 1.0;
				PRODUCT_BUNDLE_IDENTIFIER = beom.TripLog;
				PRODUCT_NAME = "$(TARGET_NAME)";
				SWIFT_EMIT_LOC_STRINGS = YES;
				SWIFT_VERSION = 5.0;
				TARGETED_DEVICE_FAMILY = "1,2";
			};
			name = Debug;
		};
		6BEAA2522B8E17AF0017318C /* Release */ = {
			isa = XCBuildConfiguration;
			buildSettings = {
				ASSETCATALOG_COMPILER_APPICON_NAME = AppIcon;
				ASSETCATALOG_COMPILER_GLOBAL_ACCENT_COLOR_NAME = AccentColor;
				CODE_SIGN_STYLE = Automatic;
				CURRENT_PROJECT_VERSION = 1;
				DEVELOPMENT_TEAM = F8Q3Y446GH;
				GENERATE_INFOPLIST_FILE = YES;
				INFOPLIST_FILE = TripLog/Info.plist;
				INFOPLIST_KEY_NSPhotoLibraryUsageDescription = "사진을 추가하기 위해서 앨범의 사진권한을 허용해주세요.";
				INFOPLIST_KEY_UIApplicationSupportsIndirectInputEvents = YES;
				INFOPLIST_KEY_UILaunchStoryboardName = LaunchScreen;
				INFOPLIST_KEY_UISupportedInterfaceOrientations_iPad = "UIInterfaceOrientationPortrait UIInterfaceOrientationPortraitUpsideDown UIInterfaceOrientationLandscapeLeft UIInterfaceOrientationLandscapeRight";
				INFOPLIST_KEY_UISupportedInterfaceOrientations_iPhone = "UIInterfaceOrientationPortrait UIInterfaceOrientationLandscapeLeft UIInterfaceOrientationLandscapeRight";
				INFOPLIST_KEY_UIUserInterfaceStyle = Light;
				IPHONEOS_DEPLOYMENT_TARGET = 16.0;
				LD_RUNPATH_SEARCH_PATHS = (
					"$(inherited)",
					"@executable_path/Frameworks",
				);
				MARKETING_VERSION = 1.0;
				PRODUCT_BUNDLE_IDENTIFIER = beom.TripLog;
				PRODUCT_NAME = "$(TARGET_NAME)";
				SWIFT_EMIT_LOC_STRINGS = YES;
				SWIFT_VERSION = 5.0;
				TARGETED_DEVICE_FAMILY = "1,2";
			};
			name = Release;
		};
/* End XCBuildConfiguration section */

/* Begin XCConfigurationList section */
		6BEAA2372B8E17AE0017318C /* Build configuration list for PBXProject "TripLog" */ = {
			isa = XCConfigurationList;
			buildConfigurations = (
				6BEAA24E2B8E17AF0017318C /* Debug */,
				6BEAA24F2B8E17AF0017318C /* Release */,
			);
			defaultConfigurationIsVisible = 0;
			defaultConfigurationName = Release;
		};
		6BEAA2502B8E17AF0017318C /* Build configuration list for PBXNativeTarget "TripLog" */ = {
			isa = XCConfigurationList;
			buildConfigurations = (
				6BEAA2512B8E17AF0017318C /* Debug */,
				6BEAA2522B8E17AF0017318C /* Release */,
			);
			defaultConfigurationIsVisible = 0;
			defaultConfigurationName = Release;
		};
/* End XCConfigurationList section */

/* Begin XCVersionGroup section */
		6BE11A992BB6840500E30964 /* MainData.xcdatamodeld */ = {
			isa = XCVersionGroup;
			children = (
				6BE11A9A2BB6840500E30964 /* MainCard.xcdatamodel */,
			);
			currentVersion = 6BE11A9A2BB6840500E30964 /* MainCard.xcdatamodel */;
			path = MainData.xcdatamodeld;
			sourceTree = "<group>";
			versionGroupType = wrapper.xcdatamodel;
		};
/* End XCVersionGroup section */
	};
	rootObject = 6BEAA2342B8E17AE0017318C /* Project object */;
}
